// !$*UTF8*$!
{
	archiveVersion = 1;
	classes = {
	};
	objectVersion = 46;
	objects = {

/* Begin PBXBuildFile section */
		261BE06518BC0FDA00DEA46A /* Foundation.framework in Frameworks */ = {isa = PBXBuildFile; fileRef = 261BE06418BC0FDA00DEA46A /* Foundation.framework */; };
		261BE06718BC0FDA00DEA46A /* CoreGraphics.framework in Frameworks */ = {isa = PBXBuildFile; fileRef = 261BE06618BC0FDA00DEA46A /* CoreGraphics.framework */; };
		261BE06918BC0FDA00DEA46A /* UIKit.framework in Frameworks */ = {isa = PBXBuildFile; fileRef = 261BE06818BC0FDA00DEA46A /* UIKit.framework */; };
		261BE06F18BC0FDA00DEA46A /* InfoPlist.strings in Resources */ = {isa = PBXBuildFile; fileRef = 261BE06D18BC0FDA00DEA46A /* InfoPlist.strings */; };
		261BE07118BC0FDA00DEA46A /* main.m in Sources */ = {isa = PBXBuildFile; fileRef = 261BE07018BC0FDA00DEA46A /* main.m */; };
		261BE07518BC0FDA00DEA46A /* AppDelegate.m in Sources */ = {isa = PBXBuildFile; fileRef = 261BE07418BC0FDA00DEA46A /* AppDelegate.m */; };
		261BE07718BC0FDA00DEA46A /* Images.xcassets in Resources */ = {isa = PBXBuildFile; fileRef = 261BE07618BC0FDA00DEA46A /* Images.xcassets */; };
		261BE07E18BC0FDA00DEA46A /* XCTest.framework in Frameworks */ = {isa = PBXBuildFile; fileRef = 261BE07D18BC0FDA00DEA46A /* XCTest.framework */; };
		261BE07F18BC0FDA00DEA46A /* Foundation.framework in Frameworks */ = {isa = PBXBuildFile; fileRef = 261BE06418BC0FDA00DEA46A /* Foundation.framework */; };
		261BE08018BC0FDA00DEA46A /* UIKit.framework in Frameworks */ = {isa = PBXBuildFile; fileRef = 261BE06818BC0FDA00DEA46A /* UIKit.framework */; };
		261BE08818BC0FDA00DEA46A /* InfoPlist.strings in Resources */ = {isa = PBXBuildFile; fileRef = 261BE08618BC0FDA00DEA46A /* InfoPlist.strings */; };
		261BE08A18BC0FDA00DEA46A /* MoreWineTests.m in Sources */ = {isa = PBXBuildFile; fileRef = 261BE08918BC0FDA00DEA46A /* MoreWineTests.m */; };
		5932FBD018CEC058006C62D4 /* StartViewController.m in Sources */ = {isa = PBXBuildFile; fileRef = 5932FBCF18CEC058006C62D4 /* StartViewController.m */; };
		594F06BA18BC9D8800338657 /* MainViewController.m in Sources */ = {isa = PBXBuildFile; fileRef = 594F06B918BC9D8800338657 /* MainViewController.m */; };
		594F06BD18BC9DB900338657 /* InfoCell.m in Sources */ = {isa = PBXBuildFile; fileRef = 594F06BC18BC9DB900338657 /* InfoCell.m */; };
		594F06C018BC9DD700338657 /* ListViewController.m in Sources */ = {isa = PBXBuildFile; fileRef = 594F06BF18BC9DD700338657 /* ListViewController.m */; };
		594F06C318BF464100338657 /* MaNavigationBar.m in Sources */ = {isa = PBXBuildFile; fileRef = 594F06C218BF464100338657 /* MaNavigationBar.m */; };
		5982208618C10A800001C564 /* EzInfoCell.m in Sources */ = {isa = PBXBuildFile; fileRef = 5982208518C10A800001C564 /* EzInfoCell.m */; };
		5982208918C126D10001C564 /* StyleIndicatorView.m in Sources */ = {isa = PBXBuildFile; fileRef = 5982208818C126D10001C564 /* StyleIndicatorView.m */; };
		59A41F1718D039F200EA8B4C /* barIcon_Cam.png in Resources */ = {isa = PBXBuildFile; fileRef = 59A41F0318D039F200EA8B4C /* barIcon_Cam.png */; };
		59A41F1818D039F200EA8B4C /* barIcon_Cam@2x.png in Resources */ = {isa = PBXBuildFile; fileRef = 59A41F0418D039F200EA8B4C /* barIcon_Cam@2x.png */; };
		59A41F1918D039F200EA8B4C /* barIcon_CamHiLight.png in Resources */ = {isa = PBXBuildFile; fileRef = 59A41F0518D039F200EA8B4C /* barIcon_CamHiLight.png */; };
		59A41F1A18D039F200EA8B4C /* barIcon_CamHiLight@2x.png in Resources */ = {isa = PBXBuildFile; fileRef = 59A41F0618D039F200EA8B4C /* barIcon_CamHiLight@2x.png */; };
		59A41F1B18D039F200EA8B4C /* barIcon_Home.png in Resources */ = {isa = PBXBuildFile; fileRef = 59A41F0718D039F200EA8B4C /* barIcon_Home.png */; };
		59A41F1C18D039F200EA8B4C /* barIcon_Home@2x.png in Resources */ = {isa = PBXBuildFile; fileRef = 59A41F0818D039F200EA8B4C /* barIcon_Home@2x.png */; };
		59A41F1D18D039F200EA8B4C /* barIcon_HomeHiLight.png in Resources */ = {isa = PBXBuildFile; fileRef = 59A41F0918D039F200EA8B4C /* barIcon_HomeHiLight.png */; };
		59A41F1E18D039F200EA8B4C /* barIcon_HomeHiLight@2x.png in Resources */ = {isa = PBXBuildFile; fileRef = 59A41F0A18D039F200EA8B4C /* barIcon_HomeHiLight@2x.png */; };
		59A41F1F18D039F200EA8B4C /* barIcon_Recommend.png in Resources */ = {isa = PBXBuildFile; fileRef = 59A41F0B18D039F200EA8B4C /* barIcon_Recommend.png */; };
		59A41F2018D039F200EA8B4C /* barIcon_Recommend@2x.png in Resources */ = {isa = PBXBuildFile; fileRef = 59A41F0C18D039F200EA8B4C /* barIcon_Recommend@2x.png */; };
		59A41F2118D039F200EA8B4C /* barIcon_RecommendHiLight.png in Resources */ = {isa = PBXBuildFile; fileRef = 59A41F0D18D039F200EA8B4C /* barIcon_RecommendHiLight.png */; };
		59A41F2218D039F200EA8B4C /* barIcon_RecommendHiLight@2x.png in Resources */ = {isa = PBXBuildFile; fileRef = 59A41F0E18D039F200EA8B4C /* barIcon_RecommendHiLight@2x.png */; };
		59A41F2318D039F200EA8B4C /* barIcon_Search.png in Resources */ = {isa = PBXBuildFile; fileRef = 59A41F0F18D039F200EA8B4C /* barIcon_Search.png */; };
		59A41F2418D039F200EA8B4C /* barIcon_Search@2x.png in Resources */ = {isa = PBXBuildFile; fileRef = 59A41F1018D039F200EA8B4C /* barIcon_Search@2x.png */; };
		59A41F2518D039F200EA8B4C /* barIcon_SearchHiLight.png in Resources */ = {isa = PBXBuildFile; fileRef = 59A41F1118D039F200EA8B4C /* barIcon_SearchHiLight.png */; };
		59A41F2618D039F200EA8B4C /* barIcon_SearchHiLight@2x.png in Resources */ = {isa = PBXBuildFile; fileRef = 59A41F1218D039F200EA8B4C /* barIcon_SearchHiLight@2x.png */; };
		59A41F2718D039F200EA8B4C /* barIcon_User.png in Resources */ = {isa = PBXBuildFile; fileRef = 59A41F1318D039F200EA8B4C /* barIcon_User.png */; };
		59A41F2818D039F200EA8B4C /* barIcon_User@2x.png in Resources */ = {isa = PBXBuildFile; fileRef = 59A41F1418D039F200EA8B4C /* barIcon_User@2x.png */; };
		59A41F2918D039F200EA8B4C /* barIcon_UserHiLight.png in Resources */ = {isa = PBXBuildFile; fileRef = 59A41F1518D039F200EA8B4C /* barIcon_UserHiLight.png */; };
		59A41F2A18D039F200EA8B4C /* barIcon_UserHiLight@2x.png in Resources */ = {isa = PBXBuildFile; fileRef = 59A41F1618D039F200EA8B4C /* barIcon_UserHiLight@2x.png */; };
		59A41F3018D03A2A00EA8B4C /* backgroundImage.png in Resources */ = {isa = PBXBuildFile; fileRef = 59A41F2D18D03A2A00EA8B4C /* backgroundImage.png */; };
		59A41F3118D03A2A00EA8B4C /* backgroundImage@2x.png in Resources */ = {isa = PBXBuildFile; fileRef = 59A41F2E18D03A2A00EA8B4C /* backgroundImage@2x.png */; };
		59A41F3518D03ABC00EA8B4C /* MaUtility.m in Sources */ = {isa = PBXBuildFile; fileRef = 59A41F3418D03ABC00EA8B4C /* MaUtility.m */; };
		59A41F3718D03D5E00EA8B4C /* backgroundImage_586h@2x.png in Resources */ = {isa = PBXBuildFile; fileRef = 59A41F3618D03D5E00EA8B4C /* backgroundImage_586h@2x.png */; };
		59A41F3C18D053A300EA8B4C /* BTBlurredView.m in Sources */ = {isa = PBXBuildFile; fileRef = 59A41F3918D053A300EA8B4C /* BTBlurredView.m */; };
		59A41F3D18D053A300EA8B4C /* UIImage+ImageEffects.m in Sources */ = {isa = PBXBuildFile; fileRef = 59A41F3B18D053A300EA8B4C /* UIImage+ImageEffects.m */; };
		59FE62AC18CFFC5E00534539 /* Localizable.strings in Resources */ = {isa = PBXBuildFile; fileRef = 59FE62AE18CFFC5E00534539 /* Localizable.strings */; };
		80FC4B355FDD4D61B67BEBAE /* libPods.a in Frameworks */ = {isa = PBXBuildFile; fileRef = 07E3BEF05D7C4A6EB32E842A /* libPods.a */; };
/* End PBXBuildFile section */

/* Begin PBXContainerItemProxy section */
		261BE08118BC0FDA00DEA46A /* PBXContainerItemProxy */ = {
			isa = PBXContainerItemProxy;
			containerPortal = 261BE05918BC0FDA00DEA46A /* Project object */;
			proxyType = 1;
			remoteGlobalIDString = 261BE06018BC0FDA00DEA46A;
			remoteInfo = MoreWine;
		};
/* End PBXContainerItemProxy section */

/* Begin PBXFileReference section */
		07E3BEF05D7C4A6EB32E842A /* libPods.a */ = {isa = PBXFileReference; explicitFileType = archive.ar; includeInIndex = 0; path = libPods.a; sourceTree = BUILT_PRODUCTS_DIR; };
		18A0B8874B404042B8CA82FA /* Pods.xcconfig */ = {isa = PBXFileReference; includeInIndex = 1; lastKnownFileType = text.xcconfig; name = Pods.xcconfig; path = Pods/Pods.xcconfig; sourceTree = "<group>"; };
		261BE06118BC0FDA00DEA46A /* MoreWine.app */ = {isa = PBXFileReference; explicitFileType = wrapper.application; includeInIndex = 0; path = MoreWine.app; sourceTree = BUILT_PRODUCTS_DIR; };
		261BE06418BC0FDA00DEA46A /* Foundation.framework */ = {isa = PBXFileReference; lastKnownFileType = wrapper.framework; name = Foundation.framework; path = System/Library/Frameworks/Foundation.framework; sourceTree = SDKROOT; };
		261BE06618BC0FDA00DEA46A /* CoreGraphics.framework */ = {isa = PBXFileReference; lastKnownFileType = wrapper.framework; name = CoreGraphics.framework; path = System/Library/Frameworks/CoreGraphics.framework; sourceTree = SDKROOT; };
		261BE06818BC0FDA00DEA46A /* UIKit.framework */ = {isa = PBXFileReference; lastKnownFileType = wrapper.framework; name = UIKit.framework; path = System/Library/Frameworks/UIKit.framework; sourceTree = SDKROOT; };
		261BE06C18BC0FDA00DEA46A /* MoreWine-Info.plist */ = {isa = PBXFileReference; lastKnownFileType = text.plist.xml; path = "MoreWine-Info.plist"; sourceTree = "<group>"; };
		261BE06E18BC0FDA00DEA46A /* en */ = {isa = PBXFileReference; lastKnownFileType = text.plist.strings; name = en; path = en.lproj/InfoPlist.strings; sourceTree = "<group>"; };
		261BE07018BC0FDA00DEA46A /* main.m */ = {isa = PBXFileReference; lastKnownFileType = sourcecode.c.objc; path = main.m; sourceTree = "<group>"; };
		261BE07218BC0FDA00DEA46A /* MoreWine-Prefix.pch */ = {isa = PBXFileReference; lastKnownFileType = sourcecode.c.h; path = "MoreWine-Prefix.pch"; sourceTree = "<group>"; };
		261BE07318BC0FDA00DEA46A /* AppDelegate.h */ = {isa = PBXFileReference; lastKnownFileType = sourcecode.c.h; path = AppDelegate.h; sourceTree = "<group>"; };
		261BE07418BC0FDA00DEA46A /* AppDelegate.m */ = {isa = PBXFileReference; lastKnownFileType = sourcecode.c.objc; path = AppDelegate.m; sourceTree = "<group>"; };
		261BE07618BC0FDA00DEA46A /* Images.xcassets */ = {isa = PBXFileReference; lastKnownFileType = folder.assetcatalog; path = Images.xcassets; sourceTree = "<group>"; };
		261BE07C18BC0FDA00DEA46A /* MoreWineTests.xctest */ = {isa = PBXFileReference; explicitFileType = wrapper.cfbundle; includeInIndex = 0; path = MoreWineTests.xctest; sourceTree = BUILT_PRODUCTS_DIR; };
		261BE07D18BC0FDA00DEA46A /* XCTest.framework */ = {isa = PBXFileReference; lastKnownFileType = wrapper.framework; name = XCTest.framework; path = Library/Frameworks/XCTest.framework; sourceTree = DEVELOPER_DIR; };
		261BE08518BC0FDA00DEA46A /* MoreWineTests-Info.plist */ = {isa = PBXFileReference; lastKnownFileType = text.plist.xml; path = "MoreWineTests-Info.plist"; sourceTree = "<group>"; };
		261BE08718BC0FDA00DEA46A /* en */ = {isa = PBXFileReference; lastKnownFileType = text.plist.strings; name = en; path = en.lproj/InfoPlist.strings; sourceTree = "<group>"; };
		261BE08918BC0FDA00DEA46A /* MoreWineTests.m */ = {isa = PBXFileReference; lastKnownFileType = sourcecode.c.objc; path = MoreWineTests.m; sourceTree = "<group>"; };
		5932FBCE18CEC058006C62D4 /* StartViewController.h */ = {isa = PBXFileReference; fileEncoding = 4; lastKnownFileType = sourcecode.c.h; name = StartViewController.h; path = src/StartViewController.h; sourceTree = "<group>"; };
		5932FBCF18CEC058006C62D4 /* StartViewController.m */ = {isa = PBXFileReference; fileEncoding = 4; lastKnownFileType = sourcecode.c.objc; name = StartViewController.m; path = src/StartViewController.m; sourceTree = "<group>"; };
		594F06B818BC9D8800338657 /* MainViewController.h */ = {isa = PBXFileReference; fileEncoding = 4; lastKnownFileType = sourcecode.c.h; name = MainViewController.h; path = src/MainViewController.h; sourceTree = "<group>"; };
		594F06B918BC9D8800338657 /* MainViewController.m */ = {isa = PBXFileReference; fileEncoding = 4; lastKnownFileType = sourcecode.c.objc; name = MainViewController.m; path = src/MainViewController.m; sourceTree = "<group>"; };
		594F06BB18BC9DB900338657 /* InfoCell.h */ = {isa = PBXFileReference; fileEncoding = 4; lastKnownFileType = sourcecode.c.h; name = InfoCell.h; path = src/InfoCell.h; sourceTree = "<group>"; };
		594F06BC18BC9DB900338657 /* InfoCell.m */ = {isa = PBXFileReference; fileEncoding = 4; lastKnownFileType = sourcecode.c.objc; name = InfoCell.m; path = src/InfoCell.m; sourceTree = "<group>"; };
		594F06BE18BC9DD700338657 /* ListViewController.h */ = {isa = PBXFileReference; fileEncoding = 4; lastKnownFileType = sourcecode.c.h; name = ListViewController.h; path = src/ListViewController.h; sourceTree = "<group>"; };
		594F06BF18BC9DD700338657 /* ListViewController.m */ = {isa = PBXFileReference; fileEncoding = 4; lastKnownFileType = sourcecode.c.objc; name = ListViewController.m; path = src/ListViewController.m; sourceTree = "<group>"; };
		594F06C118BF464100338657 /* MaNavigationBar.h */ = {isa = PBXFileReference; fileEncoding = 4; lastKnownFileType = sourcecode.c.h; name = MaNavigationBar.h; path = src/MaNavigationBar.h; sourceTree = "<group>"; };
		594F06C218BF464100338657 /* MaNavigationBar.m */ = {isa = PBXFileReference; fileEncoding = 4; lastKnownFileType = sourcecode.c.objc; name = MaNavigationBar.m; path = src/MaNavigationBar.m; sourceTree = "<group>"; };
		5982208418C10A800001C564 /* EzInfoCell.h */ = {isa = PBXFileReference; fileEncoding = 4; lastKnownFileType = sourcecode.c.h; name = EzInfoCell.h; path = src/EzInfoCell.h; sourceTree = "<group>"; };
		5982208518C10A800001C564 /* EzInfoCell.m */ = {isa = PBXFileReference; fileEncoding = 4; lastKnownFileType = sourcecode.c.objc; name = EzInfoCell.m; path = src/EzInfoCell.m; sourceTree = "<group>"; };
		5982208718C126D10001C564 /* StyleIndicatorView.h */ = {isa = PBXFileReference; fileEncoding = 4; lastKnownFileType = sourcecode.c.h; name = StyleIndicatorView.h; path = src/StyleIndicatorView.h; sourceTree = "<group>"; };
		5982208818C126D10001C564 /* StyleIndicatorView.m */ = {isa = PBXFileReference; fileEncoding = 4; lastKnownFileType = sourcecode.c.objc; name = StyleIndicatorView.m; path = src/StyleIndicatorView.m; sourceTree = "<group>"; };
		59A41EF618D0218700EA8B4C /* zh-Hans */ = {isa = PBXFileReference; lastKnownFileType = text.plist.strings; name = "zh-Hans"; path = "zh-Hans.lproj/Localizable.strings"; sourceTree = "<group>"; };
		59A41EF718D0218700EA8B4C /* zh-Hans */ = {isa = PBXFileReference; lastKnownFileType = text.plist.strings; name = "zh-Hans"; path = "zh-Hans.lproj/InfoPlist.strings"; sourceTree = "<group>"; };
		59A41EF818D0218700EA8B4C /* zh-Hans */ = {isa = PBXFileReference; lastKnownFileType = text.plist.strings; name = "zh-Hans"; path = "zh-Hans.lproj/InfoPlist.strings"; sourceTree = "<group>"; };
		59A41F0318D039F200EA8B4C /* barIcon_Cam.png */ = {isa = PBXFileReference; lastKnownFileType = image.png; name = barIcon_Cam.png; path = resources/iconImage/barIcon_Cam.png; sourceTree = "<group>"; };
		59A41F0418D039F200EA8B4C /* barIcon_Cam@2x.png */ = {isa = PBXFileReference; lastKnownFileType = image.png; name = "barIcon_Cam@2x.png"; path = "resources/iconImage/barIcon_Cam@2x.png"; sourceTree = "<group>"; };
		59A41F0518D039F200EA8B4C /* barIcon_CamHiLight.png */ = {isa = PBXFileReference; lastKnownFileType = image.png; name = barIcon_CamHiLight.png; path = resources/iconImage/barIcon_CamHiLight.png; sourceTree = "<group>"; };
		59A41F0618D039F200EA8B4C /* barIcon_CamHiLight@2x.png */ = {isa = PBXFileReference; lastKnownFileType = image.png; name = "barIcon_CamHiLight@2x.png"; path = "resources/iconImage/barIcon_CamHiLight@2x.png"; sourceTree = "<group>"; };
		59A41F0718D039F200EA8B4C /* barIcon_Home.png */ = {isa = PBXFileReference; lastKnownFileType = image.png; name = barIcon_Home.png; path = resources/iconImage/barIcon_Home.png; sourceTree = "<group>"; };
		59A41F0818D039F200EA8B4C /* barIcon_Home@2x.png */ = {isa = PBXFileReference; lastKnownFileType = image.png; name = "barIcon_Home@2x.png"; path = "resources/iconImage/barIcon_Home@2x.png"; sourceTree = "<group>"; };
		59A41F0918D039F200EA8B4C /* barIcon_HomeHiLight.png */ = {isa = PBXFileReference; lastKnownFileType = image.png; name = barIcon_HomeHiLight.png; path = resources/iconImage/barIcon_HomeHiLight.png; sourceTree = "<group>"; };
		59A41F0A18D039F200EA8B4C /* barIcon_HomeHiLight@2x.png */ = {isa = PBXFileReference; lastKnownFileType = image.png; name = "barIcon_HomeHiLight@2x.png"; path = "resources/iconImage/barIcon_HomeHiLight@2x.png"; sourceTree = "<group>"; };
		59A41F0B18D039F200EA8B4C /* barIcon_Recommend.png */ = {isa = PBXFileReference; lastKnownFileType = image.png; name = barIcon_Recommend.png; path = resources/iconImage/barIcon_Recommend.png; sourceTree = "<group>"; };
		59A41F0C18D039F200EA8B4C /* barIcon_Recommend@2x.png */ = {isa = PBXFileReference; lastKnownFileType = image.png; name = "barIcon_Recommend@2x.png"; path = "resources/iconImage/barIcon_Recommend@2x.png"; sourceTree = "<group>"; };
		59A41F0D18D039F200EA8B4C /* barIcon_RecommendHiLight.png */ = {isa = PBXFileReference; lastKnownFileType = image.png; name = barIcon_RecommendHiLight.png; path = resources/iconImage/barIcon_RecommendHiLight.png; sourceTree = "<group>"; };
		59A41F0E18D039F200EA8B4C /* barIcon_RecommendHiLight@2x.png */ = {isa = PBXFileReference; lastKnownFileType = image.png; name = "barIcon_RecommendHiLight@2x.png"; path = "resources/iconImage/barIcon_RecommendHiLight@2x.png"; sourceTree = "<group>"; };
		59A41F0F18D039F200EA8B4C /* barIcon_Search.png */ = {isa = PBXFileReference; lastKnownFileType = image.png; name = barIcon_Search.png; path = resources/iconImage/barIcon_Search.png; sourceTree = "<group>"; };
		59A41F1018D039F200EA8B4C /* barIcon_Search@2x.png */ = {isa = PBXFileReference; lastKnownFileType = image.png; name = "barIcon_Search@2x.png"; path = "resources/iconImage/barIcon_Search@2x.png"; sourceTree = "<group>"; };
		59A41F1118D039F200EA8B4C /* barIcon_SearchHiLight.png */ = {isa = PBXFileReference; lastKnownFileType = image.png; name = barIcon_SearchHiLight.png; path = resources/iconImage/barIcon_SearchHiLight.png; sourceTree = "<group>"; };
		59A41F1218D039F200EA8B4C /* barIcon_SearchHiLight@2x.png */ = {isa = PBXFileReference; lastKnownFileType = image.png; name = "barIcon_SearchHiLight@2x.png"; path = "resources/iconImage/barIcon_SearchHiLight@2x.png"; sourceTree = "<group>"; };
		59A41F1318D039F200EA8B4C /* barIcon_User.png */ = {isa = PBXFileReference; lastKnownFileType = image.png; name = barIcon_User.png; path = resources/iconImage/barIcon_User.png; sourceTree = "<group>"; };
		59A41F1418D039F200EA8B4C /* barIcon_User@2x.png */ = {isa = PBXFileReference; lastKnownFileType = image.png; name = "barIcon_User@2x.png"; path = "resources/iconImage/barIcon_User@2x.png"; sourceTree = "<group>"; };
		59A41F1518D039F200EA8B4C /* barIcon_UserHiLight.png */ = {isa = PBXFileReference; lastKnownFileType = image.png; name = barIcon_UserHiLight.png; path = resources/iconImage/barIcon_UserHiLight.png; sourceTree = "<group>"; };
		59A41F1618D039F200EA8B4C /* barIcon_UserHiLight@2x.png */ = {isa = PBXFileReference; lastKnownFileType = image.png; name = "barIcon_UserHiLight@2x.png"; path = "resources/iconImage/barIcon_UserHiLight@2x.png"; sourceTree = "<group>"; };
		59A41F2D18D03A2A00EA8B4C /* backgroundImage.png */ = {isa = PBXFileReference; lastKnownFileType = image.png; name = backgroundImage.png; path = resources/backgroundImage/backgroundImage.png; sourceTree = "<group>"; };
		59A41F2E18D03A2A00EA8B4C /* backgroundImage@2x.png */ = {isa = PBXFileReference; lastKnownFileType = image.png; name = "backgroundImage@2x.png"; path = "resources/backgroundImage/backgroundImage@2x.png"; sourceTree = "<group>"; };
		59A41F3318D03ABC00EA8B4C /* MaUtility.h */ = {isa = PBXFileReference; fileEncoding = 4; lastKnownFileType = sourcecode.c.h; name = MaUtility.h; path = MoreWine/src/MaUtility.h; sourceTree = "<group>"; };
		59A41F3418D03ABC00EA8B4C /* MaUtility.m */ = {isa = PBXFileReference; fileEncoding = 4; lastKnownFileType = sourcecode.c.objc; name = MaUtility.m; path = MoreWine/src/MaUtility.m; sourceTree = "<group>"; };
		59A41F3618D03D5E00EA8B4C /* backgroundImage_586h@2x.png */ = {isa = PBXFileReference; lastKnownFileType = image.png; name = "backgroundImage_586h@2x.png"; path = "resources/backgroundImage/backgroundImage_586h@2x.png"; sourceTree = "<group>"; };
		59A41F3818D053A300EA8B4C /* BTBlurredView.h */ = {isa = PBXFileReference; fileEncoding = 4; lastKnownFileType = sourcecode.c.h; name = BTBlurredView.h; path = MoreWine/src/3rd/BTBlurredView/BTBlurredView.h; sourceTree = "<group>"; };
		59A41F3918D053A300EA8B4C /* BTBlurredView.m */ = {isa = PBXFileReference; fileEncoding = 4; lastKnownFileType = sourcecode.c.objc; name = BTBlurredView.m; path = MoreWine/src/3rd/BTBlurredView/BTBlurredView.m; sourceTree = "<group>"; };
		59A41F3A18D053A300EA8B4C /* UIImage+ImageEffects.h */ = {isa = PBXFileReference; fileEncoding = 4; lastKnownFileType = sourcecode.c.h; name = "UIImage+ImageEffects.h"; path = "MoreWine/src/3rd/BTBlurredView/UIImage+ImageEffects.h"; sourceTree = "<group>"; };
		59A41F3B18D053A300EA8B4C /* UIImage+ImageEffects.m */ = {isa = PBXFileReference; fileEncoding = 4; lastKnownFileType = sourcecode.c.objc; name = "UIImage+ImageEffects.m"; path = "MoreWine/src/3rd/BTBlurredView/UIImage+ImageEffects.m"; sourceTree = "<group>"; };
		59FE62AD18CFFC5E00534539 /* en */ = {isa = PBXFileReference; lastKnownFileType = text.plist.strings; name = en; path = en.lproj/Localizable.strings; sourceTree = "<group>"; };
/* End PBXFileReference section */

/* Begin PBXFrameworksBuildPhase section */
		261BE05E18BC0FDA00DEA46A /* Frameworks */ = {
			isa = PBXFrameworksBuildPhase;
			buildActionMask = 2147483647;
			files = (
				261BE06718BC0FDA00DEA46A /* CoreGraphics.framework in Frameworks */,
				261BE06918BC0FDA00DEA46A /* UIKit.framework in Frameworks */,
				261BE06518BC0FDA00DEA46A /* Foundation.framework in Frameworks */,
				80FC4B355FDD4D61B67BEBAE /* libPods.a in Frameworks */,
			);
			runOnlyForDeploymentPostprocessing = 0;
		};
		261BE07918BC0FDA00DEA46A /* Frameworks */ = {
			isa = PBXFrameworksBuildPhase;
			buildActionMask = 2147483647;
			files = (
				261BE07E18BC0FDA00DEA46A /* XCTest.framework in Frameworks */,
				261BE08018BC0FDA00DEA46A /* UIKit.framework in Frameworks */,
				261BE07F18BC0FDA00DEA46A /* Foundation.framework in Frameworks */,
			);
			runOnlyForDeploymentPostprocessing = 0;
		};
/* End PBXFrameworksBuildPhase section */

/* Begin PBXGroup section */
		261BE05818BC0FDA00DEA46A = {
			isa = PBXGroup;
			children = (
				59A41F3218D03A7E00EA8B4C /* Utilities */,
				59FE62A918CFFBC900534539 /* LocalizationStrings */,
				59DB09B918CF0FCB00030A4B /* Resources */,
				5982207818C0FBCC0001C564 /* 3rd */,
				261BE06A18BC0FDA00DEA46A /* MoreWine */,
				261BE08318BC0FDA00DEA46A /* MoreWineTests */,
				261BE06318BC0FDA00DEA46A /* Frameworks */,
				261BE06218BC0FDA00DEA46A /* Products */,
				18A0B8874B404042B8CA82FA /* Pods.xcconfig */,
			);
			sourceTree = "<group>";
		};
		261BE06218BC0FDA00DEA46A /* Products */ = {
			isa = PBXGroup;
			children = (
				261BE06118BC0FDA00DEA46A /* MoreWine.app */,
				261BE07C18BC0FDA00DEA46A /* MoreWineTests.xctest */,
			);
			name = Products;
			sourceTree = "<group>";
		};
		261BE06318BC0FDA00DEA46A /* Frameworks */ = {
			isa = PBXGroup;
			children = (
				261BE06418BC0FDA00DEA46A /* Foundation.framework */,
				261BE06618BC0FDA00DEA46A /* CoreGraphics.framework */,
				261BE06818BC0FDA00DEA46A /* UIKit.framework */,
				261BE07D18BC0FDA00DEA46A /* XCTest.framework */,
				07E3BEF05D7C4A6EB32E842A /* libPods.a */,
			);
			name = Frameworks;
			sourceTree = "<group>";
		};
		261BE06A18BC0FDA00DEA46A /* MoreWine */ = {
			isa = PBXGroup;
			children = (
				5982208318C109F50001C564 /* Cell */,
				261BE07318BC0FDA00DEA46A /* AppDelegate.h */,
				261BE07418BC0FDA00DEA46A /* AppDelegate.m */,
				594F06C118BF464100338657 /* MaNavigationBar.h */,
				594F06C218BF464100338657 /* MaNavigationBar.m */,
				594F06B818BC9D8800338657 /* MainViewController.h */,
				594F06B918BC9D8800338657 /* MainViewController.m */,
				594F06BE18BC9DD700338657 /* ListViewController.h */,
				594F06BF18BC9DD700338657 /* ListViewController.m */,
				5932FBCE18CEC058006C62D4 /* StartViewController.h */,
				5932FBCF18CEC058006C62D4 /* StartViewController.m */,
				261BE07618BC0FDA00DEA46A /* Images.xcassets */,
				261BE06B18BC0FDA00DEA46A /* Supporting Files */,
			);
			path = MoreWine;
			sourceTree = "<group>";
		};
		261BE06B18BC0FDA00DEA46A /* Supporting Files */ = {
			isa = PBXGroup;
			children = (
				261BE06C18BC0FDA00DEA46A /* MoreWine-Info.plist */,
				261BE06D18BC0FDA00DEA46A /* InfoPlist.strings */,
				261BE07018BC0FDA00DEA46A /* main.m */,
				261BE07218BC0FDA00DEA46A /* MoreWine-Prefix.pch */,
			);
			name = "Supporting Files";
			sourceTree = "<group>";
		};
		261BE08318BC0FDA00DEA46A /* MoreWineTests */ = {
			isa = PBXGroup;
			children = (
				261BE08918BC0FDA00DEA46A /* MoreWineTests.m */,
				261BE08418BC0FDA00DEA46A /* Supporting Files */,
			);
			path = MoreWineTests;
			sourceTree = "<group>";
		};
		261BE08418BC0FDA00DEA46A /* Supporting Files */ = {
			isa = PBXGroup;
			children = (
				261BE08518BC0FDA00DEA46A /* MoreWineTests-Info.plist */,
				261BE08618BC0FDA00DEA46A /* InfoPlist.strings */,
			);
			name = "Supporting Files";
			sourceTree = "<group>";
		};
		5982207818C0FBCC0001C564 /* 3rd */ = {
			isa = PBXGroup;
			children = (
				59A41F3818D053A300EA8B4C /* BTBlurredView.h */,
				59A41F3918D053A300EA8B4C /* BTBlurredView.m */,
				59A41F3A18D053A300EA8B4C /* UIImage+ImageEffects.h */,
				59A41F3B18D053A300EA8B4C /* UIImage+ImageEffects.m */,
			);
			name = 3rd;
			sourceTree = "<group>";
		};
		5982208318C109F50001C564 /* Cell */ = {
			isa = PBXGroup;
			children = (
				594F06BB18BC9DB900338657 /* InfoCell.h */,
				594F06BC18BC9DB900338657 /* InfoCell.m */,
				5982208418C10A800001C564 /* EzInfoCell.h */,
				5982208518C10A800001C564 /* EzInfoCell.m */,
				5982208718C126D10001C564 /* StyleIndicatorView.h */,
				5982208818C126D10001C564 /* StyleIndicatorView.m */,
			);
			name = Cell;
			sourceTree = "<group>";
		};
		59A41F2B18D039FE00EA8B4C /* backgroundImage */ = {
			isa = PBXGroup;
			children = (
				59A41F3618D03D5E00EA8B4C /* backgroundImage_586h@2x.png */,
				59A41F2D18D03A2A00EA8B4C /* backgroundImage.png */,
				59A41F2E18D03A2A00EA8B4C /* backgroundImage@2x.png */,
			);
			name = backgroundImage;
			sourceTree = "<group>";
		};
		59A41F3218D03A7E00EA8B4C /* Utilities */ = {
			isa = PBXGroup;
			children = (
				59A41F3318D03ABC00EA8B4C /* MaUtility.h */,
				59A41F3418D03ABC00EA8B4C /* MaUtility.m */,
			);
			name = Utilities;
			sourceTree = "<group>";
		};
		59DB09B918CF0FCB00030A4B /* Resources */ = {
			isa = PBXGroup;
			children = (
				59A41F2B18D039FE00EA8B4C /* backgroundImage */,
				59FE62D718CFFE8B00534539 /* barIcon */,
			);
			name = Resources;
			path = MoreWine;
			sourceTree = "<group>";
		};
		59FE62A918CFFBC900534539 /* LocalizationStrings */ = {
			isa = PBXGroup;
			children = (
				59FE62AE18CFFC5E00534539 /* Localizable.strings */,
			);
			name = LocalizationStrings;
			sourceTree = "<group>";
		};
		59FE62D718CFFE8B00534539 /* barIcon */ = {
			isa = PBXGroup;
			children = (
				59A41F0318D039F200EA8B4C /* barIcon_Cam.png */,
				59A41F0418D039F200EA8B4C /* barIcon_Cam@2x.png */,
				59A41F0518D039F200EA8B4C /* barIcon_CamHiLight.png */,
				59A41F0618D039F200EA8B4C /* barIcon_CamHiLight@2x.png */,
				59A41F0718D039F200EA8B4C /* barIcon_Home.png */,
				59A41F0818D039F200EA8B4C /* barIcon_Home@2x.png */,
				59A41F0918D039F200EA8B4C /* barIcon_HomeHiLight.png */,
				59A41F0A18D039F200EA8B4C /* barIcon_HomeHiLight@2x.png */,
				59A41F0B18D039F200EA8B4C /* barIcon_Recommend.png */,
				59A41F0C18D039F200EA8B4C /* barIcon_Recommend@2x.png */,
				59A41F0D18D039F200EA8B4C /* barIcon_RecommendHiLight.png */,
				59A41F0E18D039F200EA8B4C /* barIcon_RecommendHiLight@2x.png */,
				59A41F0F18D039F200EA8B4C /* barIcon_Search.png */,
				59A41F1018D039F200EA8B4C /* barIcon_Search@2x.png */,
				59A41F1118D039F200EA8B4C /* barIcon_SearchHiLight.png */,
				59A41F1218D039F200EA8B4C /* barIcon_SearchHiLight@2x.png */,
				59A41F1318D039F200EA8B4C /* barIcon_User.png */,
				59A41F1418D039F200EA8B4C /* barIcon_User@2x.png */,
				59A41F1518D039F200EA8B4C /* barIcon_UserHiLight.png */,
				59A41F1618D039F200EA8B4C /* barIcon_UserHiLight@2x.png */,
			);
			name = barIcon;
			sourceTree = "<group>";
		};
/* End PBXGroup section */

/* Begin PBXNativeTarget section */
		261BE06018BC0FDA00DEA46A /* MoreWine */ = {
			isa = PBXNativeTarget;
			buildConfigurationList = 261BE08D18BC0FDA00DEA46A /* Build configuration list for PBXNativeTarget "MoreWine" */;
			buildPhases = (
				758D9A9B4FEF4483B31D3AB7 /* Check Pods Manifest.lock */,
				261BE05D18BC0FDA00DEA46A /* Sources */,
				261BE05E18BC0FDA00DEA46A /* Frameworks */,
				261BE05F18BC0FDA00DEA46A /* Resources */,
				B7DFC3BE31434ECC86E51163 /* Copy Pods Resources */,
			);
			buildRules = (
			);
			dependencies = (
			);
			name = MoreWine;
			productName = MoreWine;
			productReference = 261BE06118BC0FDA00DEA46A /* MoreWine.app */;
			productType = "com.apple.product-type.application";
		};
		261BE07B18BC0FDA00DEA46A /* MoreWineTests */ = {
			isa = PBXNativeTarget;
			buildConfigurationList = 261BE09018BC0FDA00DEA46A /* Build configuration list for PBXNativeTarget "MoreWineTests" */;
			buildPhases = (
				261BE07818BC0FDA00DEA46A /* Sources */,
				261BE07918BC0FDA00DEA46A /* Frameworks */,
				261BE07A18BC0FDA00DEA46A /* Resources */,
			);
			buildRules = (
			);
			dependencies = (
				261BE08218BC0FDA00DEA46A /* PBXTargetDependency */,
			);
			name = MoreWineTests;
			productName = MoreWineTests;
			productReference = 261BE07C18BC0FDA00DEA46A /* MoreWineTests.xctest */;
			productType = "com.apple.product-type.bundle.unit-test";
		};
/* End PBXNativeTarget section */

/* Begin PBXProject section */
		261BE05918BC0FDA00DEA46A /* Project object */ = {
			isa = PBXProject;
			attributes = {
				LastUpgradeCheck = 0500;
				ORGANIZATIONNAME = MagicApp;
				TargetAttributes = {
					261BE06018BC0FDA00DEA46A = {
						DevelopmentTeam = XW52T8HE6G;
					};
					261BE07B18BC0FDA00DEA46A = {
						TestTargetID = 261BE06018BC0FDA00DEA46A;
					};
				};
			};
			buildConfigurationList = 261BE05C18BC0FDA00DEA46A /* Build configuration list for PBXProject "MoreWine" */;
			compatibilityVersion = "Xcode 3.2";
			developmentRegion = English;
			hasScannedForEncodings = 0;
			knownRegions = (
				en,
				"zh-Hans",
			);
			mainGroup = 261BE05818BC0FDA00DEA46A;
			productRefGroup = 261BE06218BC0FDA00DEA46A /* Products */;
			projectDirPath = "";
			projectRoot = "";
			targets = (
				261BE06018BC0FDA00DEA46A /* MoreWine */,
				261BE07B18BC0FDA00DEA46A /* MoreWineTests */,
			);
		};
/* End PBXProject section */

/* Begin PBXResourcesBuildPhase section */
		261BE05F18BC0FDA00DEA46A /* Resources */ = {
			isa = PBXResourcesBuildPhase;
			buildActionMask = 2147483647;
			files = (
				59A41F2518D039F200EA8B4C /* barIcon_SearchHiLight.png in Resources */,
				59A41F1718D039F200EA8B4C /* barIcon_Cam.png in Resources */,
				59A41F3018D03A2A00EA8B4C /* backgroundImage.png in Resources */,
				59A41F2618D039F200EA8B4C /* barIcon_SearchHiLight@2x.png in Resources */,
				59A41F2218D039F200EA8B4C /* barIcon_RecommendHiLight@2x.png in Resources */,
				59A41F2A18D039F200EA8B4C /* barIcon_UserHiLight@2x.png in Resources */,
				59A41F2118D039F200EA8B4C /* barIcon_RecommendHiLight.png in Resources */,
				59A41F2418D039F200EA8B4C /* barIcon_Search@2x.png in Resources */,
				59A41F1B18D039F200EA8B4C /* barIcon_Home.png in Resources */,
				261BE06F18BC0FDA00DEA46A /* InfoPlist.strings in Resources */,
				59A41F1918D039F200EA8B4C /* barIcon_CamHiLight.png in Resources */,
				59A41F3718D03D5E00EA8B4C /* backgroundImage_586h@2x.png in Resources */,
				59A41F2018D039F200EA8B4C /* barIcon_Recommend@2x.png in Resources */,
				59A41F1C18D039F200EA8B4C /* barIcon_Home@2x.png in Resources */,
				59A41F2318D039F200EA8B4C /* barIcon_Search.png in Resources */,
				59A41F1818D039F200EA8B4C /* barIcon_Cam@2x.png in Resources */,
				59A41F3118D03A2A00EA8B4C /* backgroundImage@2x.png in Resources */,
				59A41F1A18D039F200EA8B4C /* barIcon_CamHiLight@2x.png in Resources */,
				59A41F1F18D039F200EA8B4C /* barIcon_Recommend.png in Resources */,
				59A41F2718D039F200EA8B4C /* barIcon_User.png in Resources */,
				59FE62AC18CFFC5E00534539 /* Localizable.strings in Resources */,
				59A41F1E18D039F200EA8B4C /* barIcon_HomeHiLight@2x.png in Resources */,
				261BE07718BC0FDA00DEA46A /* Images.xcassets in Resources */,
				59A41F2918D039F200EA8B4C /* barIcon_UserHiLight.png in Resources */,
				59A41F1D18D039F200EA8B4C /* barIcon_HomeHiLight.png in Resources */,
				59A41F2818D039F200EA8B4C /* barIcon_User@2x.png in Resources */,
			);
			runOnlyForDeploymentPostprocessing = 0;
		};
		261BE07A18BC0FDA00DEA46A /* Resources */ = {
			isa = PBXResourcesBuildPhase;
			buildActionMask = 2147483647;
			files = (
				261BE08818BC0FDA00DEA46A /* InfoPlist.strings in Resources */,
			);
			runOnlyForDeploymentPostprocessing = 0;
		};
/* End PBXResourcesBuildPhase section */

/* Begin PBXShellScriptBuildPhase section */
		758D9A9B4FEF4483B31D3AB7 /* Check Pods Manifest.lock */ = {
			isa = PBXShellScriptBuildPhase;
			buildActionMask = 2147483647;
			files = (
			);
			inputPaths = (
			);
			name = "Check Pods Manifest.lock";
			outputPaths = (
			);
			runOnlyForDeploymentPostprocessing = 0;
			shellPath = /bin/sh;
			shellScript = "diff \"${PODS_ROOT}/../Podfile.lock\" \"${PODS_ROOT}/Manifest.lock\" > /dev/null\nif [[ $? != 0 ]] ; then\n    cat << EOM\nerror: The sandbox is not in sync with the Podfile.lock. Run 'pod install' or update your CocoaPods installation.\nEOM\n    exit 1\nfi\n";
			showEnvVarsInLog = 0;
		};
		B7DFC3BE31434ECC86E51163 /* Copy Pods Resources */ = {
			isa = PBXShellScriptBuildPhase;
			buildActionMask = 2147483647;
			files = (
			);
			inputPaths = (
			);
			name = "Copy Pods Resources";
			outputPaths = (
			);
			runOnlyForDeploymentPostprocessing = 0;
			shellPath = /bin/sh;
			shellScript = "\"${SRCROOT}/Pods/Pods-resources.sh\"\n";
			showEnvVarsInLog = 0;
		};
/* End PBXShellScriptBuildPhase section */

/* Begin PBXSourcesBuildPhase section */
		261BE05D18BC0FDA00DEA46A /* Sources */ = {
			isa = PBXSourcesBuildPhase;
			buildActionMask = 2147483647;
			files = (
				594F06C018BC9DD700338657 /* ListViewController.m in Sources */,
				59A41F3D18D053A300EA8B4C /* UIImage+ImageEffects.m in Sources */,
				261BE07518BC0FDA00DEA46A /* AppDelegate.m in Sources */,
				5982208618C10A800001C564 /* EzInfoCell.m in Sources */,
				5932FBD018CEC058006C62D4 /* StartViewController.m in Sources */,
				594F06BD18BC9DB900338657 /* InfoCell.m in Sources */,
				594F06C318BF464100338657 /* MaNavigationBar.m in Sources */,
				59A41F3C18D053A300EA8B4C /* BTBlurredView.m in Sources */,
				59A41F3518D03ABC00EA8B4C /* MaUtility.m in Sources */,
				5982208918C126D10001C564 /* StyleIndicatorView.m in Sources */,
				594F06BA18BC9D8800338657 /* MainViewController.m in Sources */,
				261BE07118BC0FDA00DEA46A /* main.m in Sources */,
			);
			runOnlyForDeploymentPostprocessing = 0;
		};
		261BE07818BC0FDA00DEA46A /* Sources */ = {
			isa = PBXSourcesBuildPhase;
			buildActionMask = 2147483647;
			files = (
				261BE08A18BC0FDA00DEA46A /* MoreWineTests.m in Sources */,
			);
			runOnlyForDeploymentPostprocessing = 0;
		};
/* End PBXSourcesBuildPhase section */

/* Begin PBXTargetDependency section */
		261BE08218BC0FDA00DEA46A /* PBXTargetDependency */ = {
			isa = PBXTargetDependency;
			target = 261BE06018BC0FDA00DEA46A /* MoreWine */;
			targetProxy = 261BE08118BC0FDA00DEA46A /* PBXContainerItemProxy */;
		};
/* End PBXTargetDependency section */

/* Begin PBXVariantGroup section */
		261BE06D18BC0FDA00DEA46A /* InfoPlist.strings */ = {
			isa = PBXVariantGroup;
			children = (
				261BE06E18BC0FDA00DEA46A /* en */,
				59A41EF718D0218700EA8B4C /* zh-Hans */,
			);
			name = InfoPlist.strings;
			sourceTree = "<group>";
		};
		261BE08618BC0FDA00DEA46A /* InfoPlist.strings */ = {
			isa = PBXVariantGroup;
			children = (
				261BE08718BC0FDA00DEA46A /* en */,
				59A41EF818D0218700EA8B4C /* zh-Hans */,
			);
			name = InfoPlist.strings;
			sourceTree = "<group>";
		};
		59FE62AE18CFFC5E00534539 /* Localizable.strings */ = {
			isa = PBXVariantGroup;
			children = (
				59FE62AD18CFFC5E00534539 /* en */,
				59A41EF618D0218700EA8B4C /* zh-Hans */,
			);
			name = Localizable.strings;
			path = MoreWine/localizationString;
			sourceTree = "<group>";
		};
/* End PBXVariantGroup section */

/* Begin XCBuildConfiguration section */
		261BE08B18BC0FDA00DEA46A /* Debug */ = {
			isa = XCBuildConfiguration;
			buildSettings = {
				ALWAYS_SEARCH_USER_PATHS = NO;
				ARCHS = "$(ARCHS_STANDARD_INCLUDING_64_BIT)";
				CLANG_CXX_LANGUAGE_STANDARD = "gnu++0x";
				CLANG_CXX_LIBRARY = "libc++";
				CLANG_ENABLE_MODULES = YES;
				CLANG_ENABLE_OBJC_ARC = YES;
				CLANG_WARN_BOOL_CONVERSION = YES;
				CLANG_WARN_CONSTANT_CONVERSION = YES;
				CLANG_WARN_DIRECT_OBJC_ISA_USAGE = YES_ERROR;
				CLANG_WARN_EMPTY_BODY = YES;
				CLANG_WARN_ENUM_CONVERSION = YES;
				CLANG_WARN_INT_CONVERSION = YES;
				CLANG_WARN_OBJC_ROOT_CLASS = YES_ERROR;
				CLANG_WARN__DUPLICATE_METHOD_MATCH = YES;
				"CODE_SIGN_IDENTITY[sdk=iphoneos*]" = "iPhone Developer";
				COPY_PHASE_STRIP = NO;
				GCC_C_LANGUAGE_STANDARD = gnu99;
				GCC_DYNAMIC_NO_PIC = NO;
				GCC_OPTIMIZATION_LEVEL = 0;
				GCC_PREPROCESSOR_DEFINITIONS = (
					"DEBUG=1",
					"$(inherited)",
				);
				GCC_SYMBOLS_PRIVATE_EXTERN = NO;
				GCC_WARN_64_TO_32_BIT_CONVERSION = YES;
				GCC_WARN_ABOUT_RETURN_TYPE = YES_ERROR;
				GCC_WARN_UNDECLARED_SELECTOR = YES;
				GCC_WARN_UNINITIALIZED_AUTOS = YES;
				GCC_WARN_UNUSED_FUNCTION = YES;
				GCC_WARN_UNUSED_VARIABLE = YES;
				IPHONEOS_DEPLOYMENT_TARGET = 6.0;
				ONLY_ACTIVE_ARCH = YES;
				SDKROOT = iphoneos;
			};
			name = Debug;
		};
		261BE08C18BC0FDA00DEA46A /* Release */ = {
			isa = XCBuildConfiguration;
			buildSettings = {
				ALWAYS_SEARCH_USER_PATHS = NO;
				ARCHS = "$(ARCHS_STANDARD_INCLUDING_64_BIT)";
				CLANG_CXX_LANGUAGE_STANDARD = "gnu++0x";
				CLANG_CXX_LIBRARY = "libc++";
				CLANG_ENABLE_MODULES = YES;
				CLANG_ENABLE_OBJC_ARC = YES;
				CLANG_WARN_BOOL_CONVERSION = YES;
				CLANG_WARN_CONSTANT_CONVERSION = YES;
				CLANG_WARN_DIRECT_OBJC_ISA_USAGE = YES_ERROR;
				CLANG_WARN_EMPTY_BODY = YES;
				CLANG_WARN_ENUM_CONVERSION = YES;
				CLANG_WARN_INT_CONVERSION = YES;
				CLANG_WARN_OBJC_ROOT_CLASS = YES_ERROR;
				CLANG_WARN__DUPLICATE_METHOD_MATCH = YES;
				"CODE_SIGN_IDENTITY[sdk=iphoneos*]" = "iPhone Developer";
				COPY_PHASE_STRIP = YES;
				ENABLE_NS_ASSERTIONS = NO;
				GCC_C_LANGUAGE_STANDARD = gnu99;
				GCC_WARN_64_TO_32_BIT_CONVERSION = YES;
				GCC_WARN_ABOUT_RETURN_TYPE = YES_ERROR;
				GCC_WARN_UNDECLARED_SELECTOR = YES;
				GCC_WARN_UNINITIALIZED_AUTOS = YES;
				GCC_WARN_UNUSED_FUNCTION = YES;
				GCC_WARN_UNUSED_VARIABLE = YES;
				IPHONEOS_DEPLOYMENT_TARGET = 6.0;
				SDKROOT = iphoneos;
				VALIDATE_PRODUCT = YES;
			};
			name = Release;
		};
		261BE08E18BC0FDA00DEA46A /* Debug */ = {
			isa = XCBuildConfiguration;
			baseConfigurationReference = 18A0B8874B404042B8CA82FA /* Pods.xcconfig */;
			buildSettings = {
				ASSETCATALOG_COMPILER_APPICON_NAME = AppIcon;
				ASSETCATALOG_COMPILER_LAUNCHIMAGE_NAME = LaunchImage;
				CODE_SIGN_IDENTITY = "iPhone Developer";
				GCC_PRECOMPILE_PREFIX_HEADER = YES;
				GCC_PREFIX_HEADER = "MoreWine/MoreWine-Prefix.pch";
				INFOPLIST_FILE = "MoreWine/MoreWine-Info.plist";
				IPHONEOS_DEPLOYMENT_TARGET = 7.0;
				PRODUCT_NAME = "$(TARGET_NAME)";
				TARGETED_DEVICE_FAMILY = 1;
				WRAPPER_EXTENSION = app;
			};
			name = Debug;
		};
		261BE08F18BC0FDA00DEA46A /* Release */ = {
			isa = XCBuildConfiguration;
			baseConfigurationReference = 18A0B8874B404042B8CA82FA /* Pods.xcconfig */;
			buildSettings = {
				ASSETCATALOG_COMPILER_APPICON_NAME = AppIcon;
				ASSETCATALOG_COMPILER_LAUNCHIMAGE_NAME = LaunchImage;
				CODE_SIGN_IDENTITY = "iPhone Developer";
				GCC_PRECOMPILE_PREFIX_HEADER = YES;
				GCC_PREFIX_HEADER = "MoreWine/MoreWine-Prefix.pch";
				INFOPLIST_FILE = "MoreWine/MoreWine-Info.plist";
				IPHONEOS_DEPLOYMENT_TARGET = 7.0;
				PRODUCT_NAME = "$(TARGET_NAME)";
				TARGETED_DEVICE_FAMILY = 1;
				WRAPPER_EXTENSION = app;
			};
			name = Release;
		};
		261BE09118BC0FDA00DEA46A /* Debug */ = {
			isa = XCBuildConfiguration;
			buildSettings = {
				ARCHS = "$(ARCHS_STANDARD_INCLUDING_64_BIT)";
				BUNDLE_LOADER = "$(BUILT_PRODUCTS_DIR)/MoreWine.app/MoreWine";
				FRAMEWORK_SEARCH_PATHS = (
					"$(SDKROOT)/Developer/Library/Frameworks",
					"$(inherited)",
					"$(DEVELOPER_FRAMEWORKS_DIR)",
				);
				GCC_PRECOMPILE_PREFIX_HEADER = YES;
				GCC_PREFIX_HEADER = "MoreWine/MoreWine-Prefix.pch";
				GCC_PREPROCESSOR_DEFINITIONS = (
					"DEBUG=1",
					"$(inherited)",
				);
				INFOPLIST_FILE = "MoreWineTests/MoreWineTests-Info.plist";
				PRODUCT_NAME = "$(TARGET_NAME)";
				TEST_HOST = "$(BUNDLE_LOADER)";
				WRAPPER_EXTENSION = xctest;
			};
			name = Debug;
		};
		261BE09218BC0FDA00DEA46A /* Release */ = {
			isa = XCBuildConfiguration;
			buildSettings = {
				ARCHS = "$(ARCHS_STANDARD_INCLUDING_64_BIT)";
				BUNDLE_LOADER = "$(BUILT_PRODUCTS_DIR)/MoreWine.app/MoreWine";
				FRAMEWORK_SEARCH_PATHS = (
					"$(SDKROOT)/Developer/Library/Frameworks",
					"$(inherited)",
					"$(DEVELOPER_FRAMEWORKS_DIR)",
				);
				GCC_PRECOMPILE_PREFIX_HEADER = YES;
				GCC_PREFIX_HEADER = "MoreWine/MoreWine-Prefix.pch";
				INFOPLIST_FILE = "MoreWineTests/MoreWineTests-Info.plist";
				PRODUCT_NAME = "$(TARGET_NAME)";
				TEST_HOST = "$(BUNDLE_LOADER)";
				WRAPPER_EXTENSION = xctest;
			};
			name = Release;
		};
/* End XCBuildConfiguration section */

/* Begin XCConfigurationList section */
		261BE05C18BC0FDA00DEA46A /* Build configuration list for PBXProject "MoreWine" */ = {
			isa = XCConfigurationList;
			buildConfigurations = (
				261BE08B18BC0FDA00DEA46A /* Debug */,
				261BE08C18BC0FDA00DEA46A /* Release */,
			);
			defaultConfigurationIsVisible = 0;
			defaultConfigurationName = Release;
		};
		261BE08D18BC0FDA00DEA46A /* Build configuration list for PBXNativeTarget "MoreWine" */ = {
			isa = XCConfigurationList;
			buildConfigurations = (
				261BE08E18BC0FDA00DEA46A /* Debug */,
				261BE08F18BC0FDA00DEA46A /* Release */,
			);
			defaultConfigurationIsVisible = 0;
			defaultConfigurationName = Release;
		};
		261BE09018BC0FDA00DEA46A /* Build configuration list for PBXNativeTarget "MoreWineTests" */ = {
			isa = XCConfigurationList;
			buildConfigurations = (
				261BE09118BC0FDA00DEA46A /* Debug */,
				261BE09218BC0FDA00DEA46A /* Release */,
			);
			defaultConfigurationIsVisible = 0;
			defaultConfigurationName = Release;
		};
/* End XCConfigurationList section */
	};
	rootObject = 261BE05918BC0FDA00DEA46A /* Project object */;
}
