// !$*UTF8*$!
{
	archiveVersion = 1;
	classes = {
	};
	objectVersion = 46;
	objects = {

/* Begin PBXBuildFile section */
		261BE06518BC0FDA00DEA46A /* Foundation.framework in Frameworks */ = {isa = PBXBuildFile; fileRef = 261BE06418BC0FDA00DEA46A /* Foundation.framework */; };
		261BE06718BC0FDA00DEA46A /* CoreGraphics.framework in Frameworks */ = {isa = PBXBuildFile; fileRef = 261BE06618BC0FDA00DEA46A /* CoreGraphics.framework */; };
		261BE06918BC0FDA00DEA46A /* UIKit.framework in Frameworks */ = {isa = PBXBuildFile; fileRef = 261BE06818BC0FDA00DEA46A /* UIKit.framework */; };
		261BE06F18BC0FDA00DEA46A /* InfoPlist.strings in Resources */ = {isa = PBXBuildFile; fileRef = 261BE06D18BC0FDA00DEA46A /* InfoPlist.strings */; };
		261BE07118BC0FDA00DEA46A /* main.m in Sources */ = {isa = PBXBuildFile; fileRef = 261BE07018BC0FDA00DEA46A /* main.m */; };
		261BE07518BC0FDA00DEA46A /* AppDelegate.m in Sources */ = {isa = PBXBuildFile; fileRef = 261BE07418BC0FDA00DEA46A /* AppDelegate.m */; };
		261BE07718BC0FDA00DEA46A /* Images.xcassets in Resources */ = {isa = PBXBuildFile; fileRef = 261BE07618BC0FDA00DEA46A /* Images.xcassets */; };
		261BE07E18BC0FDA00DEA46A /* XCTest.framework in Frameworks */ = {isa = PBXBuildFile; fileRef = 261BE07D18BC0FDA00DEA46A /* XCTest.framework */; };
		261BE07F18BC0FDA00DEA46A /* Foundation.framework in Frameworks */ = {isa = PBXBuildFile; fileRef = 261BE06418BC0FDA00DEA46A /* Foundation.framework */; };
		261BE08018BC0FDA00DEA46A /* UIKit.framework in Frameworks */ = {isa = PBXBuildFile; fileRef = 261BE06818BC0FDA00DEA46A /* UIKit.framework */; };
		261BE08818BC0FDA00DEA46A /* InfoPlist.strings in Resources */ = {isa = PBXBuildFile; fileRef = 261BE08618BC0FDA00DEA46A /* InfoPlist.strings */; };
		261BE08A18BC0FDA00DEA46A /* MoreWineTests.m in Sources */ = {isa = PBXBuildFile; fileRef = 261BE08918BC0FDA00DEA46A /* MoreWineTests.m */; };
		5905D6FE18D166F000FBA71F /* 1headerImage@2x.png in Resources */ = {isa = PBXBuildFile; fileRef = 5905D6F818D166F000FBA71F /* 1headerImage@2x.png */; };
		5905D70018D166F000FBA71F /* 2headerImage@2x.png in Resources */ = {isa = PBXBuildFile; fileRef = 5905D6FA18D166F000FBA71F /* 2headerImage@2x.png */; };
		5905D70218D166F000FBA71F /* 3headerImage@2x.png in Resources */ = {isa = PBXBuildFile; fileRef = 5905D6FC18D166F000FBA71F /* 3headerImage@2x.png */; };
		5905D70618D167B800FBA71F /* 0headerImage@2x.png in Resources */ = {isa = PBXBuildFile; fileRef = 5905D70418D167B800FBA71F /* 0headerImage@2x.png */; };
		5905D70E18D1A5FF00FBA71F /* barType_coffee@2x.png in Resources */ = {isa = PBXBuildFile; fileRef = 5905D70818D1A5FF00FBA71F /* barType_coffee@2x.png */; };
		5905D71018D1A5FF00FBA71F /* barType_headphones@2x.png in Resources */ = {isa = PBXBuildFile; fileRef = 5905D70A18D1A5FF00FBA71F /* barType_headphones@2x.png */; };
		5905D71218D1A5FF00FBA71F /* barType_music@2x.png in Resources */ = {isa = PBXBuildFile; fileRef = 5905D70C18D1A5FF00FBA71F /* barType_music@2x.png */; };
		590F17CB190125E000469DFA /* CamViewController.m in Sources */ = {isa = PBXBuildFile; fileRef = 590F17CA190125E000469DFA /* CamViewController.m */; };
		5910371518E2C8BD0084BC29 /* SignUpView.m in Sources */ = {isa = PBXBuildFile; fileRef = 5910371418E2C8BD0084BC29 /* SignUpView.m */; };
		59192CF318E543AD0030810F /* ShakeViewController.m in Sources */ = {isa = PBXBuildFile; fileRef = 59192CF218E543AD0030810F /* ShakeViewController.m */; };
		591ED1A818E1172700A9669F /* ShopDetailViewController.m in Sources */ = {isa = PBXBuildFile; fileRef = 591ED1A718E1172700A9669F /* ShopDetailViewController.m */; };
		5920A5B718F4E63400685819 /* FXBlurView.m in Sources */ = {isa = PBXBuildFile; fileRef = 5920A5B618F4E63400685819 /* FXBlurView.m */; };
		5925737118E51DC200CE3AC9 /* loginView_logo_icon@2x.png in Resources */ = {isa = PBXBuildFile; fileRef = 5925737018E51DC200CE3AC9 /* loginView_logo_icon@2x.png */; };
		5925737418E522BD00CE3AC9 /* SignInView.m in Sources */ = {isa = PBXBuildFile; fileRef = 5925737318E522BD00CE3AC9 /* SignInView.m */; };
		5932FBD018CEC058006C62D4 /* StartViewController.m in Sources */ = {isa = PBXBuildFile; fileRef = 5932FBCF18CEC058006C62D4 /* StartViewController.m */; };
		5937115E18E17CB300476E2D /* MaTagButton.m in Sources */ = {isa = PBXBuildFile; fileRef = 5937115D18E17CB300476E2D /* MaTagButton.m */; };
		59374B2A190F4A0A00B97011 /* TagManagerViewController.m in Sources */ = {isa = PBXBuildFile; fileRef = 59374B29190F4A0A00B97011 /* TagManagerViewController.m */; };
		59374B2D190F964F00B97011 /* TagListViewController.m in Sources */ = {isa = PBXBuildFile; fileRef = 59374B2C190F964F00B97011 /* TagListViewController.m */; };
		5947DE1718FCD67900E23AB8 /* SearchViewController.m in Sources */ = {isa = PBXBuildFile; fileRef = 5947DE1618FCD67900E23AB8 /* SearchViewController.m */; };
		5948BC3D19090493003C87AA /* MaMoreWineHTTPClient.m in Sources */ = {isa = PBXBuildFile; fileRef = 5948BC3C19090493003C87AA /* MaMoreWineHTTPClient.m */; };
		594F06BA18BC9D8800338657 /* MainViewController.m in Sources */ = {isa = PBXBuildFile; fileRef = 594F06B918BC9D8800338657 /* MainViewController.m */; };
		594F06BD18BC9DB900338657 /* InfoCell.m in Sources */ = {isa = PBXBuildFile; fileRef = 594F06BC18BC9DB900338657 /* InfoCell.m */; };
		594F06C018BC9DD700338657 /* ListViewController.m in Sources */ = {isa = PBXBuildFile; fileRef = 594F06BF18BC9DD700338657 /* ListViewController.m */; };
		594F06C318BF464100338657 /* MaNavigationBar.m in Sources */ = {isa = PBXBuildFile; fileRef = 594F06C218BF464100338657 /* MaNavigationBar.m */; };
		595EB1F418D7E85500223E20 /* SGFocusImageFrame.m in Sources */ = {isa = PBXBuildFile; fileRef = 595EB1F118D7E85500223E20 /* SGFocusImageFrame.m */; settings = {COMPILER_FLAGS = "-fno-objc-arc"; }; };
		595EB1F518D7E85500223E20 /* SGFocusImageItem.m in Sources */ = {isa = PBXBuildFile; fileRef = 595EB1F318D7E85500223E20 /* SGFocusImageItem.m */; settings = {COMPILER_FLAGS = "-fno-objc-arc"; }; };
		595EB20118D7EC8200223E20 /* MaDataSettingManager.m in Sources */ = {isa = PBXBuildFile; fileRef = 595EB20018D7EC8200223E20 /* MaDataSettingManager.m */; };
		596AA7D518F38F6D008DBDE2 /* shakeMenuArrow@2x.png in Resources */ = {isa = PBXBuildFile; fileRef = 596AA7D418F38F6D008DBDE2 /* shakeMenuArrow@2x.png */; };
		596AA7D818F39C77008DBDE2 /* shakeView_shakeButton_hilight@2x.png in Resources */ = {isa = PBXBuildFile; fileRef = 596AA7D618F39C77008DBDE2 /* shakeView_shakeButton_hilight@2x.png */; };
		596AA7D918F39C77008DBDE2 /* shakeView_shakeButton@2x.png in Resources */ = {isa = PBXBuildFile; fileRef = 596AA7D718F39C77008DBDE2 /* shakeView_shakeButton@2x.png */; };
		596AA7DB18F3A705008DBDE2 /* shakeView_Cell_Selected@2x.png in Resources */ = {isa = PBXBuildFile; fileRef = 596AA7DA18F3A705008DBDE2 /* shakeView_Cell_Selected@2x.png */; };
		596AA7DE18F3C2C7008DBDE2 /* ShakeResultViewController.m in Sources */ = {isa = PBXBuildFile; fileRef = 596AA7DD18F3C2C7008DBDE2 /* ShakeResultViewController.m */; };
		596AA7E118F3E2AF008DBDE2 /* CheckInAndShareViewController.m in Sources */ = {isa = PBXBuildFile; fileRef = 596AA7E018F3E2AF008DBDE2 /* CheckInAndShareViewController.m */; };
		596AA7EA18F3E776008DBDE2 /* navigation_Back_Icon@2x.png in Resources */ = {isa = PBXBuildFile; fileRef = 596AA7E918F3E776008DBDE2 /* navigation_Back_Icon@2x.png */; };
		59751E9418F7B38B00727D52 /* loginView_default_user_icon@2x.png in Resources */ = {isa = PBXBuildFile; fileRef = 59751E9318F7B38B00727D52 /* loginView_default_user_icon@2x.png */; };
		59751E9718F7BED500727D52 /* CheckInDetailViewController.m in Sources */ = {isa = PBXBuildFile; fileRef = 59751E9618F7BED500727D52 /* CheckInDetailViewController.m */; };
		59751E9A18F7BEF300727D52 /* FavoriteViewController.m in Sources */ = {isa = PBXBuildFile; fileRef = 59751E9918F7BEF300727D52 /* FavoriteViewController.m */; };
		5982208618C10A800001C564 /* EzInfoCell.m in Sources */ = {isa = PBXBuildFile; fileRef = 5982208518C10A800001C564 /* EzInfoCell.m */; };
		5982208918C126D10001C564 /* StyleIndicatorView.m in Sources */ = {isa = PBXBuildFile; fileRef = 5982208818C126D10001C564 /* StyleIndicatorView.m */; };
		59A108E718E2705700CF59DD /* LoginViewController.m in Sources */ = {isa = PBXBuildFile; fileRef = 59A108E618E2705700CF59DD /* LoginViewController.m */; };
		59A108F318E2729800CF59DD /* UserInfoManager.m in Sources */ = {isa = PBXBuildFile; fileRef = 59A108F218E2729800CF59DD /* UserInfoManager.m */; };
		59A108FB18E27F6600CF59DD /* MaTextField.m in Sources */ = {isa = PBXBuildFile; fileRef = 59A108FA18E27F6600CF59DD /* MaTextField.m */; };
		59A1090318E2B6C200CF59DD /* loginView_logo@2x.png in Resources */ = {isa = PBXBuildFile; fileRef = 59A108FC18E2B6C200CF59DD /* loginView_logo@2x.png */; };
		59A1090418E2B6C200CF59DD /* loginView_qq_hilight@2x.png in Resources */ = {isa = PBXBuildFile; fileRef = 59A108FD18E2B6C200CF59DD /* loginView_qq_hilight@2x.png */; };
		59A1090518E2B6C200CF59DD /* loginView_qq@2x.png in Resources */ = {isa = PBXBuildFile; fileRef = 59A108FE18E2B6C200CF59DD /* loginView_qq@2x.png */; };
		59A1090618E2B6C200CF59DD /* loginView_wechat_hilight@2x.png in Resources */ = {isa = PBXBuildFile; fileRef = 59A108FF18E2B6C200CF59DD /* loginView_wechat_hilight@2x.png */; };
		59A1090718E2B6C200CF59DD /* loginView_wechat@2x.png in Resources */ = {isa = PBXBuildFile; fileRef = 59A1090018E2B6C200CF59DD /* loginView_wechat@2x.png */; };
		59A1090818E2B6C200CF59DD /* loginView_weibo_hilight@2x.png in Resources */ = {isa = PBXBuildFile; fileRef = 59A1090118E2B6C200CF59DD /* loginView_weibo_hilight@2x.png */; };
		59A1090918E2B6C200CF59DD /* loginView_weibo@2x.png in Resources */ = {isa = PBXBuildFile; fileRef = 59A1090218E2B6C200CF59DD /* loginView_weibo@2x.png */; };
		59A41F1818D039F200EA8B4C /* barIcon_Cam@2x.png in Resources */ = {isa = PBXBuildFile; fileRef = 59A41F0418D039F200EA8B4C /* barIcon_Cam@2x.png */; };
		59A41F1A18D039F200EA8B4C /* barIcon_CamHiLight@2x.png in Resources */ = {isa = PBXBuildFile; fileRef = 59A41F0618D039F200EA8B4C /* barIcon_CamHiLight@2x.png */; };
		59A41F1C18D039F200EA8B4C /* barIcon_Home@2x.png in Resources */ = {isa = PBXBuildFile; fileRef = 59A41F0818D039F200EA8B4C /* barIcon_Home@2x.png */; };
		59A41F1E18D039F200EA8B4C /* barIcon_HomeHiLight@2x.png in Resources */ = {isa = PBXBuildFile; fileRef = 59A41F0A18D039F200EA8B4C /* barIcon_HomeHiLight@2x.png */; };
		59A41F2018D039F200EA8B4C /* barIcon_Recommend@2x.png in Resources */ = {isa = PBXBuildFile; fileRef = 59A41F0C18D039F200EA8B4C /* barIcon_Recommend@2x.png */; };
		59A41F2218D039F200EA8B4C /* barIcon_RecommendHiLight@2x.png in Resources */ = {isa = PBXBuildFile; fileRef = 59A41F0E18D039F200EA8B4C /* barIcon_RecommendHiLight@2x.png */; };
		59A41F2418D039F200EA8B4C /* barIcon_Search@2x.png in Resources */ = {isa = PBXBuildFile; fileRef = 59A41F1018D039F200EA8B4C /* barIcon_Search@2x.png */; };
		59A41F2618D039F200EA8B4C /* barIcon_SearchHiLight@2x.png in Resources */ = {isa = PBXBuildFile; fileRef = 59A41F1218D039F200EA8B4C /* barIcon_SearchHiLight@2x.png */; };
		59A41F2818D039F200EA8B4C /* barIcon_User@2x.png in Resources */ = {isa = PBXBuildFile; fileRef = 59A41F1418D039F200EA8B4C /* barIcon_User@2x.png */; };
		59A41F2A18D039F200EA8B4C /* barIcon_UserHiLight@2x.png in Resources */ = {isa = PBXBuildFile; fileRef = 59A41F1618D039F200EA8B4C /* barIcon_UserHiLight@2x.png */; };
		59A41F3118D03A2A00EA8B4C /* backgroundImage@2x.png in Resources */ = {isa = PBXBuildFile; fileRef = 59A41F2E18D03A2A00EA8B4C /* backgroundImage@2x.png */; };
		59A41F3518D03ABC00EA8B4C /* MaUtility.m in Sources */ = {isa = PBXBuildFile; fileRef = 59A41F3418D03ABC00EA8B4C /* MaUtility.m */; };
		59A41F3718D03D5E00EA8B4C /* backgroundImage_586h@2x.png in Resources */ = {isa = PBXBuildFile; fileRef = 59A41F3618D03D5E00EA8B4C /* backgroundImage_586h@2x.png */; };
		59CC1BAB18F66D2A0052A030 /* UserInfoView.m in Sources */ = {isa = PBXBuildFile; fileRef = 59CC1BAA18F66D2A0052A030 /* UserInfoView.m */; };
		59DBE679190B8D5000BD756E /* cam_closeButton@2x.png in Resources */ = {isa = PBXBuildFile; fileRef = 59DBE676190B8D5000BD756E /* cam_closeButton@2x.png */; };
		59DBE67A190B8D5000BD756E /* cam_center@2x.png in Resources */ = {isa = PBXBuildFile; fileRef = 59DBE677190B8D5000BD756E /* cam_center@2x.png */; };
		59DBE67B190B8D5000BD756E /* cam_captureButton@2x.png in Resources */ = {isa = PBXBuildFile; fileRef = 59DBE678190B8D5000BD756E /* cam_captureButton@2x.png */; };
		59DBE67D190B8EC000BD756E /* AssetsLibrary.framework in Frameworks */ = {isa = PBXBuildFile; fileRef = 59DBE67C190B8EC000BD756E /* AssetsLibrary.framework */; };
		59F7D1CE18ED5F9C008430FD /* MaDropDownMenuController.m in Sources */ = {isa = PBXBuildFile; fileRef = 59F7D1CD18ED5F9C008430FD /* MaDropDownMenuController.m */; };
		59FE62AC18CFFC5E00534539 /* Localizable.strings in Resources */ = {isa = PBXBuildFile; fileRef = 59FE62AE18CFFC5E00534539 /* Localizable.strings */; };
		80FC4B355FDD4D61B67BEBAE /* libPods.a in Frameworks */ = {isa = PBXBuildFile; fileRef = 07E3BEF05D7C4A6EB32E842A /* libPods.a */; };
/* End PBXBuildFile section */

/* Begin PBXContainerItemProxy section */
		261BE08118BC0FDA00DEA46A /* PBXContainerItemProxy */ = {
			isa = PBXContainerItemProxy;
			containerPortal = 261BE05918BC0FDA00DEA46A /* Project object */;
			proxyType = 1;
			remoteGlobalIDString = 261BE06018BC0FDA00DEA46A;
			remoteInfo = MoreWine;
		};
/* End PBXContainerItemProxy section */

/* Begin PBXFileReference section */
		07E3BEF05D7C4A6EB32E842A /* libPods.a */ = {isa = PBXFileReference; explicitFileType = archive.ar; includeInIndex = 0; path = libPods.a; sourceTree = BUILT_PRODUCTS_DIR; };
		18A0B8874B404042B8CA82FA /* Pods.xcconfig */ = {isa = PBXFileReference; includeInIndex = 1; lastKnownFileType = text.xcconfig; name = Pods.xcconfig; path = Pods/Pods.xcconfig; sourceTree = "<group>"; };
		261BE06118BC0FDA00DEA46A /* MoreWine.app */ = {isa = PBXFileReference; explicitFileType = wrapper.application; includeInIndex = 0; path = MoreWine.app; sourceTree = BUILT_PRODUCTS_DIR; };
		261BE06418BC0FDA00DEA46A /* Foundation.framework */ = {isa = PBXFileReference; lastKnownFileType = wrapper.framework; name = Foundation.framework; path = System/Library/Frameworks/Foundation.framework; sourceTree = SDKROOT; };
		261BE06618BC0FDA00DEA46A /* CoreGraphics.framework */ = {isa = PBXFileReference; lastKnownFileType = wrapper.framework; name = CoreGraphics.framework; path = System/Library/Frameworks/CoreGraphics.framework; sourceTree = SDKROOT; };
		261BE06818BC0FDA00DEA46A /* UIKit.framework */ = {isa = PBXFileReference; lastKnownFileType = wrapper.framework; name = UIKit.framework; path = System/Library/Frameworks/UIKit.framework; sourceTree = SDKROOT; };
		261BE06C18BC0FDA00DEA46A /* MoreWine-Info.plist */ = {isa = PBXFileReference; lastKnownFileType = text.plist.xml; path = "MoreWine-Info.plist"; sourceTree = "<group>"; };
		261BE06E18BC0FDA00DEA46A /* en */ = {isa = PBXFileReference; lastKnownFileType = text.plist.strings; name = en; path = en.lproj/InfoPlist.strings; sourceTree = "<group>"; };
		261BE07018BC0FDA00DEA46A /* main.m */ = {isa = PBXFileReference; lastKnownFileType = sourcecode.c.objc; path = main.m; sourceTree = "<group>"; };
		261BE07218BC0FDA00DEA46A /* MoreWine-Prefix.pch */ = {isa = PBXFileReference; lastKnownFileType = sourcecode.c.h; path = "MoreWine-Prefix.pch"; sourceTree = "<group>"; };
		261BE07318BC0FDA00DEA46A /* AppDelegate.h */ = {isa = PBXFileReference; lastKnownFileType = sourcecode.c.h; path = AppDelegate.h; sourceTree = "<group>"; };
		261BE07418BC0FDA00DEA46A /* AppDelegate.m */ = {isa = PBXFileReference; lastKnownFileType = sourcecode.c.objc; path = AppDelegate.m; sourceTree = "<group>"; };
		261BE07618BC0FDA00DEA46A /* Images.xcassets */ = {isa = PBXFileReference; lastKnownFileType = folder.assetcatalog; path = Images.xcassets; sourceTree = "<group>"; };
		261BE07C18BC0FDA00DEA46A /* MoreWineTests.xctest */ = {isa = PBXFileReference; explicitFileType = wrapper.cfbundle; includeInIndex = 0; path = MoreWineTests.xctest; sourceTree = BUILT_PRODUCTS_DIR; };
		261BE07D18BC0FDA00DEA46A /* XCTest.framework */ = {isa = PBXFileReference; lastKnownFileType = wrapper.framework; name = XCTest.framework; path = Library/Frameworks/XCTest.framework; sourceTree = DEVELOPER_DIR; };
		261BE08518BC0FDA00DEA46A /* MoreWineTests-Info.plist */ = {isa = PBXFileReference; lastKnownFileType = text.plist.xml; path = "MoreWineTests-Info.plist"; sourceTree = "<group>"; };
		261BE08718BC0FDA00DEA46A /* en */ = {isa = PBXFileReference; lastKnownFileType = text.plist.strings; name = en; path = en.lproj/InfoPlist.strings; sourceTree = "<group>"; };
		261BE08918BC0FDA00DEA46A /* MoreWineTests.m */ = {isa = PBXFileReference; lastKnownFileType = sourcecode.c.objc; path = MoreWineTests.m; sourceTree = "<group>"; };
		5905D6F818D166F000FBA71F /* 1headerImage@2x.png */ = {isa = PBXFileReference; lastKnownFileType = image.png; name = "1headerImage@2x.png"; path = "resources/tempImage/1headerImage@2x.png"; sourceTree = "<group>"; };
		5905D6FA18D166F000FBA71F /* 2headerImage@2x.png */ = {isa = PBXFileReference; lastKnownFileType = image.png; name = "2headerImage@2x.png"; path = "resources/tempImage/2headerImage@2x.png"; sourceTree = "<group>"; };
		5905D6FC18D166F000FBA71F /* 3headerImage@2x.png */ = {isa = PBXFileReference; lastKnownFileType = image.png; name = "3headerImage@2x.png"; path = "resources/tempImage/3headerImage@2x.png"; sourceTree = "<group>"; };
		5905D70418D167B800FBA71F /* 0headerImage@2x.png */ = {isa = PBXFileReference; lastKnownFileType = image.png; name = "0headerImage@2x.png"; path = "resources/tempImage/0headerImage@2x.png"; sourceTree = "<group>"; };
		5905D70818D1A5FF00FBA71F /* barType_coffee@2x.png */ = {isa = PBXFileReference; lastKnownFileType = image.png; name = "barType_coffee@2x.png"; path = "resources/typeIcon/barType_coffee@2x.png"; sourceTree = "<group>"; };
		5905D70A18D1A5FF00FBA71F /* barType_headphones@2x.png */ = {isa = PBXFileReference; lastKnownFileType = image.png; name = "barType_headphones@2x.png"; path = "resources/typeIcon/barType_headphones@2x.png"; sourceTree = "<group>"; };
		5905D70C18D1A5FF00FBA71F /* barType_music@2x.png */ = {isa = PBXFileReference; lastKnownFileType = image.png; name = "barType_music@2x.png"; path = "resources/typeIcon/barType_music@2x.png"; sourceTree = "<group>"; };
		590F17C9190125E000469DFA /* CamViewController.h */ = {isa = PBXFileReference; fileEncoding = 4; lastKnownFileType = sourcecode.c.h; name = CamViewController.h; path = src/CamViewController.h; sourceTree = "<group>"; };
		590F17CA190125E000469DFA /* CamViewController.m */ = {isa = PBXFileReference; fileEncoding = 4; lastKnownFileType = sourcecode.c.objc; name = CamViewController.m; path = src/CamViewController.m; sourceTree = "<group>"; };
		5910371318E2C8BD0084BC29 /* SignUpView.h */ = {isa = PBXFileReference; fileEncoding = 4; lastKnownFileType = sourcecode.c.h; name = SignUpView.h; path = src/SignUpView.h; sourceTree = "<group>"; };
		5910371418E2C8BD0084BC29 /* SignUpView.m */ = {isa = PBXFileReference; fileEncoding = 4; lastKnownFileType = sourcecode.c.objc; name = SignUpView.m; path = src/SignUpView.m; sourceTree = "<group>"; };
		59192CF118E543AD0030810F /* ShakeViewController.h */ = {isa = PBXFileReference; fileEncoding = 4; lastKnownFileType = sourcecode.c.h; name = ShakeViewController.h; path = src/ShakeViewController.h; sourceTree = "<group>"; };
		59192CF218E543AD0030810F /* ShakeViewController.m */ = {isa = PBXFileReference; fileEncoding = 4; lastKnownFileType = sourcecode.c.objc; name = ShakeViewController.m; path = src/ShakeViewController.m; sourceTree = "<group>"; };
		591ED1A618E1172700A9669F /* ShopDetailViewController.h */ = {isa = PBXFileReference; fileEncoding = 4; lastKnownFileType = sourcecode.c.h; name = ShopDetailViewController.h; path = src/ShopDetailViewController.h; sourceTree = "<group>"; };
		591ED1A718E1172700A9669F /* ShopDetailViewController.m */ = {isa = PBXFileReference; fileEncoding = 4; lastKnownFileType = sourcecode.c.objc; name = ShopDetailViewController.m; path = src/ShopDetailViewController.m; sourceTree = "<group>"; };
		5920A5B518F4E63400685819 /* FXBlurView.h */ = {isa = PBXFileReference; fileEncoding = 4; lastKnownFileType = sourcecode.c.h; name = FXBlurView.h; path = MoreWine/src/3rd/FXBlurView/FXBlurView.h; sourceTree = "<group>"; };
		5920A5B618F4E63400685819 /* FXBlurView.m */ = {isa = PBXFileReference; fileEncoding = 4; lastKnownFileType = sourcecode.c.objc; name = FXBlurView.m; path = MoreWine/src/3rd/FXBlurView/FXBlurView.m; sourceTree = "<group>"; };
		5925737018E51DC200CE3AC9 /* loginView_logo_icon@2x.png */ = {isa = PBXFileReference; lastKnownFileType = image.png; name = "loginView_logo_icon@2x.png"; path = "resources/loginVIew/loginView_logo_icon@2x.png"; sourceTree = "<group>"; };
		5925737218E522BD00CE3AC9 /* SignInView.h */ = {isa = PBXFileReference; fileEncoding = 4; lastKnownFileType = sourcecode.c.h; name = SignInView.h; path = src/SignInView.h; sourceTree = "<group>"; };
		5925737318E522BD00CE3AC9 /* SignInView.m */ = {isa = PBXFileReference; fileEncoding = 4; lastKnownFileType = sourcecode.c.objc; name = SignInView.m; path = src/SignInView.m; sourceTree = "<group>"; };
		5932FBCE18CEC058006C62D4 /* StartViewController.h */ = {isa = PBXFileReference; fileEncoding = 4; lastKnownFileType = sourcecode.c.h; name = StartViewController.h; path = src/StartViewController.h; sourceTree = "<group>"; };
		5932FBCF18CEC058006C62D4 /* StartViewController.m */ = {isa = PBXFileReference; fileEncoding = 4; lastKnownFileType = sourcecode.c.objc; name = StartViewController.m; path = src/StartViewController.m; sourceTree = "<group>"; };
		5937115C18E17CB300476E2D /* MaTagButton.h */ = {isa = PBXFileReference; fileEncoding = 4; lastKnownFileType = sourcecode.c.h; name = MaTagButton.h; path = src/MaTagButton.h; sourceTree = "<group>"; };
		5937115D18E17CB300476E2D /* MaTagButton.m */ = {isa = PBXFileReference; fileEncoding = 4; lastKnownFileType = sourcecode.c.objc; name = MaTagButton.m; path = src/MaTagButton.m; sourceTree = "<group>"; };
		59374B28190F4A0A00B97011 /* TagManagerViewController.h */ = {isa = PBXFileReference; fileEncoding = 4; lastKnownFileType = sourcecode.c.h; name = TagManagerViewController.h; path = src/TagManagerViewController.h; sourceTree = "<group>"; };
		59374B29190F4A0A00B97011 /* TagManagerViewController.m */ = {isa = PBXFileReference; fileEncoding = 4; lastKnownFileType = sourcecode.c.objc; name = TagManagerViewController.m; path = src/TagManagerViewController.m; sourceTree = "<group>"; };
		59374B2B190F964F00B97011 /* TagListViewController.h */ = {isa = PBXFileReference; fileEncoding = 4; lastKnownFileType = sourcecode.c.h; name = TagListViewController.h; path = src/TagListViewController.h; sourceTree = "<group>"; };
		59374B2C190F964F00B97011 /* TagListViewController.m */ = {isa = PBXFileReference; fileEncoding = 4; lastKnownFileType = sourcecode.c.objc; name = TagListViewController.m; path = src/TagListViewController.m; sourceTree = "<group>"; };
		5947DE1518FCD67900E23AB8 /* SearchViewController.h */ = {isa = PBXFileReference; fileEncoding = 4; lastKnownFileType = sourcecode.c.h; name = SearchViewController.h; path = src/SearchViewController.h; sourceTree = "<group>"; };
		5947DE1618FCD67900E23AB8 /* SearchViewController.m */ = {isa = PBXFileReference; fileEncoding = 4; lastKnownFileType = sourcecode.c.objc; name = SearchViewController.m; path = src/SearchViewController.m; sourceTree = "<group>"; };
		5948BC3B19090493003C87AA /* MaMoreWineHTTPClient.h */ = {isa = PBXFileReference; fileEncoding = 4; lastKnownFileType = sourcecode.c.h; name = MaMoreWineHTTPClient.h; path = src/MaMoreWineHTTPClient.h; sourceTree = "<group>"; };
		5948BC3C19090493003C87AA /* MaMoreWineHTTPClient.m */ = {isa = PBXFileReference; fileEncoding = 4; lastKnownFileType = sourcecode.c.objc; name = MaMoreWineHTTPClient.m; path = src/MaMoreWineHTTPClient.m; sourceTree = "<group>"; };
		594F06B818BC9D8800338657 /* MainViewController.h */ = {isa = PBXFileReference; fileEncoding = 4; lastKnownFileType = sourcecode.c.h; name = MainViewController.h; path = src/MainViewController.h; sourceTree = "<group>"; };
		594F06B918BC9D8800338657 /* MainViewController.m */ = {isa = PBXFileReference; fileEncoding = 4; lastKnownFileType = sourcecode.c.objc; name = MainViewController.m; path = src/MainViewController.m; sourceTree = "<group>"; };
		594F06BB18BC9DB900338657 /* InfoCell.h */ = {isa = PBXFileReference; fileEncoding = 4; lastKnownFileType = sourcecode.c.h; name = InfoCell.h; path = src/InfoCell.h; sourceTree = "<group>"; };
		594F06BC18BC9DB900338657 /* InfoCell.m */ = {isa = PBXFileReference; fileEncoding = 4; lastKnownFileType = sourcecode.c.objc; name = InfoCell.m; path = src/InfoCell.m; sourceTree = "<group>"; };
		594F06BE18BC9DD700338657 /* ListViewController.h */ = {isa = PBXFileReference; fileEncoding = 4; lastKnownFileType = sourcecode.c.h; name = ListViewController.h; path = src/ListViewController.h; sourceTree = "<group>"; };
		594F06BF18BC9DD700338657 /* ListViewController.m */ = {isa = PBXFileReference; fileEncoding = 4; lastKnownFileType = sourcecode.c.objc; name = ListViewController.m; path = src/ListViewController.m; sourceTree = "<group>"; };
		594F06C118BF464100338657 /* MaNavigationBar.h */ = {isa = PBXFileReference; fileEncoding = 4; lastKnownFileType = sourcecode.c.h; name = MaNavigationBar.h; path = src/MaNavigationBar.h; sourceTree = "<group>"; };
		594F06C218BF464100338657 /* MaNavigationBar.m */ = {isa = PBXFileReference; fileEncoding = 4; lastKnownFileType = sourcecode.c.objc; name = MaNavigationBar.m; path = src/MaNavigationBar.m; sourceTree = "<group>"; };
		595EB1F018D7E85500223E20 /* SGFocusImageFrame.h */ = {isa = PBXFileReference; fileEncoding = 4; lastKnownFileType = sourcecode.c.h; name = SGFocusImageFrame.h; path = MoreWine/src/3rd/SGFocus/SGFocusImageFrame.h; sourceTree = "<group>"; };
		595EB1F118D7E85500223E20 /* SGFocusImageFrame.m */ = {isa = PBXFileReference; fileEncoding = 4; lastKnownFileType = sourcecode.c.objc; name = SGFocusImageFrame.m; path = MoreWine/src/3rd/SGFocus/SGFocusImageFrame.m; sourceTree = "<group>"; };
		595EB1F218D7E85500223E20 /* SGFocusImageItem.h */ = {isa = PBXFileReference; fileEncoding = 4; lastKnownFileType = sourcecode.c.h; name = SGFocusImageItem.h; path = MoreWine/src/3rd/SGFocus/SGFocusImageItem.h; sourceTree = "<group>"; };
		595EB1F318D7E85500223E20 /* SGFocusImageItem.m */ = {isa = PBXFileReference; fileEncoding = 4; lastKnownFileType = sourcecode.c.objc; name = SGFocusImageItem.m; path = MoreWine/src/3rd/SGFocus/SGFocusImageItem.m; sourceTree = "<group>"; };
		595EB1FF18D7EC8200223E20 /* MaDataSettingManager.h */ = {isa = PBXFileReference; fileEncoding = 4; lastKnownFileType = sourcecode.c.h; name = MaDataSettingManager.h; path = src/MaDataSettingManager.h; sourceTree = "<group>"; };
		595EB20018D7EC8200223E20 /* MaDataSettingManager.m */ = {isa = PBXFileReference; fileEncoding = 4; lastKnownFileType = sourcecode.c.objc; name = MaDataSettingManager.m; path = src/MaDataSettingManager.m; sourceTree = "<group>"; };
		596AA7D418F38F6D008DBDE2 /* shakeMenuArrow@2x.png */ = {isa = PBXFileReference; lastKnownFileType = image.png; name = "shakeMenuArrow@2x.png"; path = "resources/shakeView/shakeMenuArrow@2x.png"; sourceTree = "<group>"; };
		596AA7D618F39C77008DBDE2 /* shakeView_shakeButton_hilight@2x.png */ = {isa = PBXFileReference; lastKnownFileType = image.png; name = "shakeView_shakeButton_hilight@2x.png"; path = "resources/shakeView/shakeView_shakeButton_hilight@2x.png"; sourceTree = "<group>"; };
		596AA7D718F39C77008DBDE2 /* shakeView_shakeButton@2x.png */ = {isa = PBXFileReference; lastKnownFileType = image.png; name = "shakeView_shakeButton@2x.png"; path = "resources/shakeView/shakeView_shakeButton@2x.png"; sourceTree = "<group>"; };
		596AA7DA18F3A705008DBDE2 /* shakeView_Cell_Selected@2x.png */ = {isa = PBXFileReference; lastKnownFileType = image.png; name = "shakeView_Cell_Selected@2x.png"; path = "resources/shakeView/shakeView_Cell_Selected@2x.png"; sourceTree = "<group>"; };
		596AA7DC18F3C2C7008DBDE2 /* ShakeResultViewController.h */ = {isa = PBXFileReference; fileEncoding = 4; lastKnownFileType = sourcecode.c.h; name = ShakeResultViewController.h; path = src/ShakeResultViewController.h; sourceTree = "<group>"; };
		596AA7DD18F3C2C7008DBDE2 /* ShakeResultViewController.m */ = {isa = PBXFileReference; fileEncoding = 4; lastKnownFileType = sourcecode.c.objc; name = ShakeResultViewController.m; path = src/ShakeResultViewController.m; sourceTree = "<group>"; };
		596AA7DF18F3E2AF008DBDE2 /* CheckInAndShareViewController.h */ = {isa = PBXFileReference; fileEncoding = 4; lastKnownFileType = sourcecode.c.h; name = CheckInAndShareViewController.h; path = src/CheckInAndShareViewController.h; sourceTree = "<group>"; };
		596AA7E018F3E2AF008DBDE2 /* CheckInAndShareViewController.m */ = {isa = PBXFileReference; fileEncoding = 4; lastKnownFileType = sourcecode.c.objc; name = CheckInAndShareViewController.m; path = src/CheckInAndShareViewController.m; sourceTree = "<group>"; };
		596AA7E918F3E776008DBDE2 /* navigation_Back_Icon@2x.png */ = {isa = PBXFileReference; lastKnownFileType = image.png; name = "navigation_Back_Icon@2x.png"; path = "resources/navigation/navigation_Back_Icon@2x.png"; sourceTree = "<group>"; };
		59751E9318F7B38B00727D52 /* loginView_default_user_icon@2x.png */ = {isa = PBXFileReference; lastKnownFileType = image.png; name = "loginView_default_user_icon@2x.png"; path = "resources/loginVIew/loginView_default_user_icon@2x.png"; sourceTree = "<group>"; };
		59751E9518F7BED500727D52 /* CheckInDetailViewController.h */ = {isa = PBXFileReference; fileEncoding = 4; lastKnownFileType = sourcecode.c.h; name = CheckInDetailViewController.h; path = src/CheckInDetailViewController.h; sourceTree = "<group>"; };
		59751E9618F7BED500727D52 /* CheckInDetailViewController.m */ = {isa = PBXFileReference; fileEncoding = 4; lastKnownFileType = sourcecode.c.objc; name = CheckInDetailViewController.m; path = src/CheckInDetailViewController.m; sourceTree = "<group>"; };
		59751E9818F7BEF300727D52 /* FavoriteViewController.h */ = {isa = PBXFileReference; fileEncoding = 4; lastKnownFileType = sourcecode.c.h; name = FavoriteViewController.h; path = src/FavoriteViewController.h; sourceTree = "<group>"; };
		59751E9918F7BEF300727D52 /* FavoriteViewController.m */ = {isa = PBXFileReference; fileEncoding = 4; lastKnownFileType = sourcecode.c.objc; name = FavoriteViewController.m; path = src/FavoriteViewController.m; sourceTree = "<group>"; };
		5982208418C10A800001C564 /* EzInfoCell.h */ = {isa = PBXFileReference; fileEncoding = 4; lastKnownFileType = sourcecode.c.h; name = EzInfoCell.h; path = src/EzInfoCell.h; sourceTree = "<group>"; };
		5982208518C10A800001C564 /* EzInfoCell.m */ = {isa = PBXFileReference; fileEncoding = 4; lastKnownFileType = sourcecode.c.objc; name = EzInfoCell.m; path = src/EzInfoCell.m; sourceTree = "<group>"; };
		5982208718C126D10001C564 /* StyleIndicatorView.h */ = {isa = PBXFileReference; fileEncoding = 4; lastKnownFileType = sourcecode.c.h; name = StyleIndicatorView.h; path = src/StyleIndicatorView.h; sourceTree = "<group>"; };
		5982208818C126D10001C564 /* StyleIndicatorView.m */ = {isa = PBXFileReference; fileEncoding = 4; lastKnownFileType = sourcecode.c.objc; name = StyleIndicatorView.m; path = src/StyleIndicatorView.m; sourceTree = "<group>"; };
		59A108E518E2705700CF59DD /* LoginViewController.h */ = {isa = PBXFileReference; fileEncoding = 4; lastKnownFileType = sourcecode.c.h; name = LoginViewController.h; path = src/LoginViewController.h; sourceTree = "<group>"; };
		59A108E618E2705700CF59DD /* LoginViewController.m */ = {isa = PBXFileReference; fileEncoding = 4; lastKnownFileType = sourcecode.c.objc; name = LoginViewController.m; path = src/LoginViewController.m; sourceTree = "<group>"; };
		59A108F118E2729800CF59DD /* UserInfoManager.h */ = {isa = PBXFileReference; fileEncoding = 4; lastKnownFileType = sourcecode.c.h; name = UserInfoManager.h; path = src/UserInfoManager.h; sourceTree = "<group>"; };
		59A108F218E2729800CF59DD /* UserInfoManager.m */ = {isa = PBXFileReference; fileEncoding = 4; lastKnownFileType = sourcecode.c.objc; name = UserInfoManager.m; path = src/UserInfoManager.m; sourceTree = "<group>"; };
		59A108F918E27F6600CF59DD /* MaTextField.h */ = {isa = PBXFileReference; fileEncoding = 4; lastKnownFileType = sourcecode.c.h; name = MaTextField.h; path = src/MaTextField.h; sourceTree = "<group>"; };
		59A108FA18E27F6600CF59DD /* MaTextField.m */ = {isa = PBXFileReference; fileEncoding = 4; lastKnownFileType = sourcecode.c.objc; name = MaTextField.m; path = src/MaTextField.m; sourceTree = "<group>"; };
		59A108FC18E2B6C200CF59DD /* loginView_logo@2x.png */ = {isa = PBXFileReference; lastKnownFileType = image.png; name = "loginView_logo@2x.png"; path = "resources/loginVIew/loginView_logo@2x.png"; sourceTree = "<group>"; };
		59A108FD18E2B6C200CF59DD /* loginView_qq_hilight@2x.png */ = {isa = PBXFileReference; lastKnownFileType = image.png; name = "loginView_qq_hilight@2x.png"; path = "resources/loginVIew/loginView_qq_hilight@2x.png"; sourceTree = "<group>"; };
		59A108FE18E2B6C200CF59DD /* loginView_qq@2x.png */ = {isa = PBXFileReference; lastKnownFileType = image.png; name = "loginView_qq@2x.png"; path = "resources/loginVIew/loginView_qq@2x.png"; sourceTree = "<group>"; };
		59A108FF18E2B6C200CF59DD /* loginView_wechat_hilight@2x.png */ = {isa = PBXFileReference; lastKnownFileType = image.png; name = "loginView_wechat_hilight@2x.png"; path = "resources/loginVIew/loginView_wechat_hilight@2x.png"; sourceTree = "<group>"; };
		59A1090018E2B6C200CF59DD /* loginView_wechat@2x.png */ = {isa = PBXFileReference; lastKnownFileType = image.png; name = "loginView_wechat@2x.png"; path = "resources/loginVIew/loginView_wechat@2x.png"; sourceTree = "<group>"; };
		59A1090118E2B6C200CF59DD /* loginView_weibo_hilight@2x.png */ = {isa = PBXFileReference; lastKnownFileType = image.png; name = "loginView_weibo_hilight@2x.png"; path = "resources/loginVIew/loginView_weibo_hilight@2x.png"; sourceTree = "<group>"; };
		59A1090218E2B6C200CF59DD /* loginView_weibo@2x.png */ = {isa = PBXFileReference; lastKnownFileType = image.png; name = "loginView_weibo@2x.png"; path = "resources/loginVIew/loginView_weibo@2x.png"; sourceTree = "<group>"; };
		59A41EF618D0218700EA8B4C /* zh-Hans */ = {isa = PBXFileReference; lastKnownFileType = text.plist.strings; name = "zh-Hans"; path = "zh-Hans.lproj/Localizable.strings"; sourceTree = "<group>"; };
		59A41EF718D0218700EA8B4C /* zh-Hans */ = {isa = PBXFileReference; lastKnownFileType = text.plist.strings; name = "zh-Hans"; path = "zh-Hans.lproj/InfoPlist.strings"; sourceTree = "<group>"; };
		59A41EF818D0218700EA8B4C /* zh-Hans */ = {isa = PBXFileReference; lastKnownFileType = text.plist.strings; name = "zh-Hans"; path = "zh-Hans.lproj/InfoPlist.strings"; sourceTree = "<group>"; };
		59A41F0418D039F200EA8B4C /* barIcon_Cam@2x.png */ = {isa = PBXFileReference; lastKnownFileType = image.png; name = "barIcon_Cam@2x.png"; path = "resources/iconImage/barIcon_Cam@2x.png"; sourceTree = "<group>"; };
		59A41F0618D039F200EA8B4C /* barIcon_CamHiLight@2x.png */ = {isa = PBXFileReference; lastKnownFileType = image.png; name = "barIcon_CamHiLight@2x.png"; path = "resources/iconImage/barIcon_CamHiLight@2x.png"; sourceTree = "<group>"; };
		59A41F0818D039F200EA8B4C /* barIcon_Home@2x.png */ = {isa = PBXFileReference; lastKnownFileType = image.png; name = "barIcon_Home@2x.png"; path = "resources/iconImage/barIcon_Home@2x.png"; sourceTree = "<group>"; };
		59A41F0A18D039F200EA8B4C /* barIcon_HomeHiLight@2x.png */ = {isa = PBXFileReference; lastKnownFileType = image.png; name = "barIcon_HomeHiLight@2x.png"; path = "resources/iconImage/barIcon_HomeHiLight@2x.png"; sourceTree = "<group>"; };
		59A41F0C18D039F200EA8B4C /* barIcon_Recommend@2x.png */ = {isa = PBXFileReference; lastKnownFileType = image.png; name = "barIcon_Recommend@2x.png"; path = "resources/iconImage/barIcon_Recommend@2x.png"; sourceTree = "<group>"; };
		59A41F0E18D039F200EA8B4C /* barIcon_RecommendHiLight@2x.png */ = {isa = PBXFileReference; lastKnownFileType = image.png; name = "barIcon_RecommendHiLight@2x.png"; path = "resources/iconImage/barIcon_RecommendHiLight@2x.png"; sourceTree = "<group>"; };
		59A41F1018D039F200EA8B4C /* barIcon_Search@2x.png */ = {isa = PBXFileReference; lastKnownFileType = image.png; name = "barIcon_Search@2x.png"; path = "resources/iconImage/barIcon_Search@2x.png"; sourceTree = "<group>"; };
		59A41F1218D039F200EA8B4C /* barIcon_SearchHiLight@2x.png */ = {isa = PBXFileReference; lastKnownFileType = image.png; name = "barIcon_SearchHiLight@2x.png"; path = "resources/iconImage/barIcon_SearchHiLight@2x.png"; sourceTree = "<group>"; };
		59A41F1418D039F200EA8B4C /* barIcon_User@2x.png */ = {isa = PBXFileReference; lastKnownFileType = image.png; name = "barIcon_User@2x.png"; path = "resources/iconImage/barIcon_User@2x.png"; sourceTree = "<group>"; };
		59A41F1618D039F200EA8B4C /* barIcon_UserHiLight@2x.png */ = {isa = PBXFileReference; lastKnownFileType = image.png; name = "barIcon_UserHiLight@2x.png"; path = "resources/iconImage/barIcon_UserHiLight@2x.png"; sourceTree = "<group>"; };
		59A41F2E18D03A2A00EA8B4C /* backgroundImage@2x.png */ = {isa = PBXFileReference; lastKnownFileType = image.png; name = "backgroundImage@2x.png"; path = "resources/backgroundImage/backgroundImage@2x.png"; sourceTree = "<group>"; };
		59A41F3318D03ABC00EA8B4C /* MaUtility.h */ = {isa = PBXFileReference; fileEncoding = 4; lastKnownFileType = sourcecode.c.h; name = MaUtility.h; path = MoreWine/src/MaUtility.h; sourceTree = "<group>"; };
		59A41F3418D03ABC00EA8B4C /* MaUtility.m */ = {isa = PBXFileReference; fileEncoding = 4; lastKnownFileType = sourcecode.c.objc; name = MaUtility.m; path = MoreWine/src/MaUtility.m; sourceTree = "<group>"; };
		59A41F3618D03D5E00EA8B4C /* backgroundImage_586h@2x.png */ = {isa = PBXFileReference; lastKnownFileType = image.png; name = "backgroundImage_586h@2x.png"; path = "resources/backgroundImage/backgroundImage_586h@2x.png"; sourceTree = "<group>"; };
		59CC1BA918F66D2A0052A030 /* UserInfoView.h */ = {isa = PBXFileReference; fileEncoding = 4; lastKnownFileType = sourcecode.c.h; name = UserInfoView.h; path = src/UserInfoView.h; sourceTree = "<group>"; };
		59CC1BAA18F66D2A0052A030 /* UserInfoView.m */ = {isa = PBXFileReference; fileEncoding = 4; lastKnownFileType = sourcecode.c.objc; name = UserInfoView.m; path = src/UserInfoView.m; sourceTree = "<group>"; };
		59DBE676190B8D5000BD756E /* cam_closeButton@2x.png */ = {isa = PBXFileReference; lastKnownFileType = image.png; name = "cam_closeButton@2x.png"; path = "resources/cam/cam_closeButton@2x.png"; sourceTree = "<group>"; };
		59DBE677190B8D5000BD756E /* cam_center@2x.png */ = {isa = PBXFileReference; lastKnownFileType = image.png; name = "cam_center@2x.png"; path = "resources/cam/cam_center@2x.png"; sourceTree = "<group>"; };
		59DBE678190B8D5000BD756E /* cam_captureButton@2x.png */ = {isa = PBXFileReference; lastKnownFileType = image.png; name = "cam_captureButton@2x.png"; path = "resources/cam/cam_captureButton@2x.png"; sourceTree = "<group>"; };
		59DBE67C190B8EC000BD756E /* AssetsLibrary.framework */ = {isa = PBXFileReference; lastKnownFileType = wrapper.framework; name = AssetsLibrary.framework; path = System/Library/Frameworks/AssetsLibrary.framework; sourceTree = SDKROOT; };
		59F7D1CC18ED5F9C008430FD /* MaDropDownMenuController.h */ = {isa = PBXFileReference; fileEncoding = 4; lastKnownFileType = sourcecode.c.h; name = MaDropDownMenuController.h; path = src/MaDropDownMenuController.h; sourceTree = "<group>"; };
		59F7D1CD18ED5F9C008430FD /* MaDropDownMenuController.m */ = {isa = PBXFileReference; fileEncoding = 4; lastKnownFileType = sourcecode.c.objc; name = MaDropDownMenuController.m; path = src/MaDropDownMenuController.m; sourceTree = "<group>"; };
		59FE62AD18CFFC5E00534539 /* en */ = {isa = PBXFileReference; lastKnownFileType = text.plist.strings; name = en; path = en.lproj/Localizable.strings; sourceTree = "<group>"; };
/* End PBXFileReference section */

/* Begin PBXFrameworksBuildPhase section */
		261BE05E18BC0FDA00DEA46A /* Frameworks */ = {
			isa = PBXFrameworksBuildPhase;
			buildActionMask = 2147483647;
			files = (
				261BE06718BC0FDA00DEA46A /* CoreGraphics.framework in Frameworks */,
				261BE06918BC0FDA00DEA46A /* UIKit.framework in Frameworks */,
				261BE06518BC0FDA00DEA46A /* Foundation.framework in Frameworks */,
				80FC4B355FDD4D61B67BEBAE /* libPods.a in Frameworks */,
				59DBE67D190B8EC000BD756E /* AssetsLibrary.framework in Frameworks */,
			);
			runOnlyForDeploymentPostprocessing = 0;
		};
		261BE07918BC0FDA00DEA46A /* Frameworks */ = {
			isa = PBXFrameworksBuildPhase;
			buildActionMask = 2147483647;
			files = (
				261BE07E18BC0FDA00DEA46A /* XCTest.framework in Frameworks */,
				261BE08018BC0FDA00DEA46A /* UIKit.framework in Frameworks */,
				261BE07F18BC0FDA00DEA46A /* Foundation.framework in Frameworks */,
			);
			runOnlyForDeploymentPostprocessing = 0;
		};
/* End PBXFrameworksBuildPhase section */

/* Begin PBXGroup section */
		261BE05818BC0FDA00DEA46A = {
			isa = PBXGroup;
			children = (
				59A41F3218D03A7E00EA8B4C /* Utilities */,
				59FE62A918CFFBC900534539 /* LocalizationStrings */,
				59DB09B918CF0FCB00030A4B /* Resources */,
				5982207818C0FBCC0001C564 /* 3rd */,
				261BE06A18BC0FDA00DEA46A /* MoreWine */,
				261BE08318BC0FDA00DEA46A /* MoreWineTests */,
				261BE06318BC0FDA00DEA46A /* Frameworks */,
				261BE06218BC0FDA00DEA46A /* Products */,
				18A0B8874B404042B8CA82FA /* Pods.xcconfig */,
			);
			sourceTree = "<group>";
		};
		261BE06218BC0FDA00DEA46A /* Products */ = {
			isa = PBXGroup;
			children = (
				261BE06118BC0FDA00DEA46A /* MoreWine.app */,
				261BE07C18BC0FDA00DEA46A /* MoreWineTests.xctest */,
			);
			name = Products;
			sourceTree = "<group>";
		};
		261BE06318BC0FDA00DEA46A /* Frameworks */ = {
			isa = PBXGroup;
			children = (
				59DBE67C190B8EC000BD756E /* AssetsLibrary.framework */,
				261BE06418BC0FDA00DEA46A /* Foundation.framework */,
				261BE06618BC0FDA00DEA46A /* CoreGraphics.framework */,
				261BE06818BC0FDA00DEA46A /* UIKit.framework */,
				261BE07D18BC0FDA00DEA46A /* XCTest.framework */,
				07E3BEF05D7C4A6EB32E842A /* libPods.a */,
			);
			name = Frameworks;
			sourceTree = "<group>";
		};
		261BE06A18BC0FDA00DEA46A /* MoreWine */ = {
			isa = PBXGroup;
			children = (
				5948BC3E19090499003C87AA /* Networking */,
				261BE07318BC0FDA00DEA46A /* AppDelegate.h */,
				261BE07418BC0FDA00DEA46A /* AppDelegate.m */,
				59A108E818E2706000CF59DD /* UIElements */,
				595EB1FE18D7EC3C00223E20 /* Managers */,
				5982208318C109F50001C564 /* Cell */,
				59F7D1C818ED3E2F008430FD /* Detail & CheckIn */,
				59F7D1C418E96E17008430FD /* Shake */,
				59A108F018E2727B00CF59DD /* UserInfo */,
				5947DE1418FCD5D700E23AB8 /* Search */,
				590F17C8190125C500469DFA /* CamView */,
				594F06C118BF464100338657 /* MaNavigationBar.h */,
				594F06C218BF464100338657 /* MaNavigationBar.m */,
				594F06B818BC9D8800338657 /* MainViewController.h */,
				594F06B918BC9D8800338657 /* MainViewController.m */,
				594F06BE18BC9DD700338657 /* ListViewController.h */,
				594F06BF18BC9DD700338657 /* ListViewController.m */,
				5932FBCE18CEC058006C62D4 /* StartViewController.h */,
				5932FBCF18CEC058006C62D4 /* StartViewController.m */,
				261BE07618BC0FDA00DEA46A /* Images.xcassets */,
				261BE06B18BC0FDA00DEA46A /* Supporting Files */,
			);
			path = MoreWine;
			sourceTree = "<group>";
		};
		261BE06B18BC0FDA00DEA46A /* Supporting Files */ = {
			isa = PBXGroup;
			children = (
				261BE06C18BC0FDA00DEA46A /* MoreWine-Info.plist */,
				261BE06D18BC0FDA00DEA46A /* InfoPlist.strings */,
				261BE07018BC0FDA00DEA46A /* main.m */,
				261BE07218BC0FDA00DEA46A /* MoreWine-Prefix.pch */,
			);
			name = "Supporting Files";
			sourceTree = "<group>";
		};
		261BE08318BC0FDA00DEA46A /* MoreWineTests */ = {
			isa = PBXGroup;
			children = (
				261BE08918BC0FDA00DEA46A /* MoreWineTests.m */,
				261BE08418BC0FDA00DEA46A /* Supporting Files */,
			);
			path = MoreWineTests;
			sourceTree = "<group>";
		};
		261BE08418BC0FDA00DEA46A /* Supporting Files */ = {
			isa = PBXGroup;
			children = (
				261BE08518BC0FDA00DEA46A /* MoreWineTests-Info.plist */,
				261BE08618BC0FDA00DEA46A /* InfoPlist.strings */,
			);
			name = "Supporting Files";
			sourceTree = "<group>";
		};
		5905D6F618D166E700FBA71F /* temp */ = {
			isa = PBXGroup;
			children = (
				5905D70418D167B800FBA71F /* 0headerImage@2x.png */,
				5905D6F818D166F000FBA71F /* 1headerImage@2x.png */,
				5905D6FA18D166F000FBA71F /* 2headerImage@2x.png */,
				5905D6FC18D166F000FBA71F /* 3headerImage@2x.png */,
			);
			name = temp;
			sourceTree = "<group>";
		};
		5905D71318D1A60500FBA71F /* typeIcon */ = {
			isa = PBXGroup;
			children = (
				5905D70818D1A5FF00FBA71F /* barType_coffee@2x.png */,
				5905D70A18D1A5FF00FBA71F /* barType_headphones@2x.png */,
				5905D70C18D1A5FF00FBA71F /* barType_music@2x.png */,
			);
			name = typeIcon;
			sourceTree = "<group>";
		};
		590F17C8190125C500469DFA /* CamView */ = {
			isa = PBXGroup;
			children = (
				590F17C9190125E000469DFA /* CamViewController.h */,
				590F17CA190125E000469DFA /* CamViewController.m */,
			);
			name = CamView;
			sourceTree = "<group>";
		};
		5920A5B818F4E63900685819 /* FXBlurView */ = {
			isa = PBXGroup;
			children = (
				5920A5B518F4E63400685819 /* FXBlurView.h */,
				5920A5B618F4E63400685819 /* FXBlurView.m */,
			);
			name = FXBlurView;
			sourceTree = "<group>";
		};
		5947DE1418FCD5D700E23AB8 /* Search */ = {
			isa = PBXGroup;
			children = (
				5947DE1518FCD67900E23AB8 /* SearchViewController.h */,
				5947DE1618FCD67900E23AB8 /* SearchViewController.m */,
			);
			name = Search;
			sourceTree = "<group>";
		};
		5948BC3E19090499003C87AA /* Networking */ = {
			isa = PBXGroup;
			children = (
				5948BC3B19090493003C87AA /* MaMoreWineHTTPClient.h */,
				5948BC3C19090493003C87AA /* MaMoreWineHTTPClient.m */,
			);
			name = Networking;
			sourceTree = "<group>";
		};
		595EB1F618D7E85800223E20 /* SGFocus */ = {
			isa = PBXGroup;
			children = (
				595EB1F018D7E85500223E20 /* SGFocusImageFrame.h */,
				595EB1F118D7E85500223E20 /* SGFocusImageFrame.m */,
				595EB1F218D7E85500223E20 /* SGFocusImageItem.h */,
				595EB1F318D7E85500223E20 /* SGFocusImageItem.m */,
			);
			name = SGFocus;
			sourceTree = "<group>";
		};
		595EB1FE18D7EC3C00223E20 /* Managers */ = {
			isa = PBXGroup;
			children = (
				595EB1FF18D7EC8200223E20 /* MaDataSettingManager.h */,
				595EB20018D7EC8200223E20 /* MaDataSettingManager.m */,
				59A108F118E2729800CF59DD /* UserInfoManager.h */,
				59A108F218E2729800CF59DD /* UserInfoManager.m */,
			);
			name = Managers;
			sourceTree = "<group>";
		};
		596AA7D318F38F4D008DBDE2 /* shakeView */ = {
			isa = PBXGroup;
			children = (
				596AA7DA18F3A705008DBDE2 /* shakeView_Cell_Selected@2x.png */,
				596AA7D418F38F6D008DBDE2 /* shakeMenuArrow@2x.png */,
				596AA7D618F39C77008DBDE2 /* shakeView_shakeButton_hilight@2x.png */,
				596AA7D718F39C77008DBDE2 /* shakeView_shakeButton@2x.png */,
			);
			name = shakeView;
			sourceTree = "<group>";
		};
		596AA7EB18F3E77A008DBDE2 /* Navigation */ = {
			isa = PBXGroup;
			children = (
				596AA7E918F3E776008DBDE2 /* navigation_Back_Icon@2x.png */,
			);
			name = Navigation;
			sourceTree = "<group>";
		};
		5982207818C0FBCC0001C564 /* 3rd */ = {
			isa = PBXGroup;
			children = (
				5920A5B818F4E63900685819 /* FXBlurView */,
				595EB1F618D7E85800223E20 /* SGFocus */,
			);
			name = 3rd;
			sourceTree = "<group>";
		};
		5982208318C109F50001C564 /* Cell */ = {
			isa = PBXGroup;
			children = (
				594F06BB18BC9DB900338657 /* InfoCell.h */,
				594F06BC18BC9DB900338657 /* InfoCell.m */,
				5982208418C10A800001C564 /* EzInfoCell.h */,
				5982208518C10A800001C564 /* EzInfoCell.m */,
				5982208718C126D10001C564 /* StyleIndicatorView.h */,
				5982208818C126D10001C564 /* StyleIndicatorView.m */,
			);
			name = Cell;
			sourceTree = "<group>";
		};
		59A108E818E2706000CF59DD /* UIElements */ = {
			isa = PBXGroup;
			children = (
				59A108F918E27F6600CF59DD /* MaTextField.h */,
				59A108FA18E27F6600CF59DD /* MaTextField.m */,
				5937115C18E17CB300476E2D /* MaTagButton.h */,
				5937115D18E17CB300476E2D /* MaTagButton.m */,
			);
			name = UIElements;
			sourceTree = "<group>";
		};
		59A108F018E2727B00CF59DD /* UserInfo */ = {
			isa = PBXGroup;
			children = (
				59A108E518E2705700CF59DD /* LoginViewController.h */,
				59A108E618E2705700CF59DD /* LoginViewController.m */,
				59CC1BA918F66D2A0052A030 /* UserInfoView.h */,
				59CC1BAA18F66D2A0052A030 /* UserInfoView.m */,
				5925737218E522BD00CE3AC9 /* SignInView.h */,
				5925737318E522BD00CE3AC9 /* SignInView.m */,
				5910371318E2C8BD0084BC29 /* SignUpView.h */,
				5910371418E2C8BD0084BC29 /* SignUpView.m */,
				59751E9518F7BED500727D52 /* CheckInDetailViewController.h */,
				59751E9618F7BED500727D52 /* CheckInDetailViewController.m */,
				59751E9818F7BEF300727D52 /* FavoriteViewController.h */,
				59751E9918F7BEF300727D52 /* FavoriteViewController.m */,
				59374B28190F4A0A00B97011 /* TagManagerViewController.h */,
				59374B29190F4A0A00B97011 /* TagManagerViewController.m */,
			);
			name = UserInfo;
			sourceTree = "<group>";
		};
		59A108F418E2743F00CF59DD /* LoginView */ = {
			isa = PBXGroup;
			children = (
				59751E9318F7B38B00727D52 /* loginView_default_user_icon@2x.png */,
				5925737018E51DC200CE3AC9 /* loginView_logo_icon@2x.png */,
				59A108FD18E2B6C200CF59DD /* loginView_qq_hilight@2x.png */,
				59A108FE18E2B6C200CF59DD /* loginView_qq@2x.png */,
				59A108FF18E2B6C200CF59DD /* loginView_wechat_hilight@2x.png */,
				59A1090018E2B6C200CF59DD /* loginView_wechat@2x.png */,
				59A1090118E2B6C200CF59DD /* loginView_weibo_hilight@2x.png */,
				59A1090218E2B6C200CF59DD /* loginView_weibo@2x.png */,
				59A108FC18E2B6C200CF59DD /* loginView_logo@2x.png */,
			);
			name = LoginView;
			sourceTree = "<group>";
		};
		59A41F2B18D039FE00EA8B4C /* backgroundImage */ = {
			isa = PBXGroup;
			children = (
				59A41F3618D03D5E00EA8B4C /* backgroundImage_586h@2x.png */,
				59A41F2E18D03A2A00EA8B4C /* backgroundImage@2x.png */,
			);
			name = backgroundImage;
			sourceTree = "<group>";
		};
		59A41F3218D03A7E00EA8B4C /* Utilities */ = {
			isa = PBXGroup;
			children = (
				59A41F3318D03ABC00EA8B4C /* MaUtility.h */,
				59A41F3418D03ABC00EA8B4C /* MaUtility.m */,
			);
			name = Utilities;
			sourceTree = "<group>";
		};
		59DB09B918CF0FCB00030A4B /* Resources */ = {
			isa = PBXGroup;
			children = (
				596AA7EB18F3E77A008DBDE2 /* Navigation */,
				596AA7D318F38F4D008DBDE2 /* shakeView */,
				59A108F418E2743F00CF59DD /* LoginView */,
				5905D71318D1A60500FBA71F /* typeIcon */,
				5905D6F618D166E700FBA71F /* temp */,
				59DBE673190B80B000BD756E /* cam */,
				59A41F2B18D039FE00EA8B4C /* backgroundImage */,
				59FE62D718CFFE8B00534539 /* barIcon */,
			);
			name = Resources;
			path = MoreWine;
			sourceTree = "<group>";
		};
		59DBE673190B80B000BD756E /* cam */ = {
			isa = PBXGroup;
			children = (
				59DBE676190B8D5000BD756E /* cam_closeButton@2x.png */,
				59DBE677190B8D5000BD756E /* cam_center@2x.png */,
				59DBE678190B8D5000BD756E /* cam_captureButton@2x.png */,
			);
			name = cam;
			sourceTree = "<group>";
		};
		59F7D1C418E96E17008430FD /* Shake */ = {
			isa = PBXGroup;
			children = (
				59192CF118E543AD0030810F /* ShakeViewController.h */,
				59192CF218E543AD0030810F /* ShakeViewController.m */,
				59F7D1CC18ED5F9C008430FD /* MaDropDownMenuController.h */,
				59F7D1CD18ED5F9C008430FD /* MaDropDownMenuController.m */,
				596AA7DC18F3C2C7008DBDE2 /* ShakeResultViewController.h */,
				596AA7DD18F3C2C7008DBDE2 /* ShakeResultViewController.m */,
			);
			name = Shake;
			sourceTree = "<group>";
		};
		59F7D1C818ED3E2F008430FD /* Detail & CheckIn */ = {
			isa = PBXGroup;
			children = (
				591ED1A618E1172700A9669F /* ShopDetailViewController.h */,
				591ED1A718E1172700A9669F /* ShopDetailViewController.m */,
				596AA7DF18F3E2AF008DBDE2 /* CheckInAndShareViewController.h */,
				596AA7E018F3E2AF008DBDE2 /* CheckInAndShareViewController.m */,
				59374B2B190F964F00B97011 /* TagListViewController.h */,
				59374B2C190F964F00B97011 /* TagListViewController.m */,
			);
			name = "Detail & CheckIn";
			sourceTree = "<group>";
		};
		59FE62A918CFFBC900534539 /* LocalizationStrings */ = {
			isa = PBXGroup;
			children = (
				59FE62AE18CFFC5E00534539 /* Localizable.strings */,
			);
			name = LocalizationStrings;
			sourceTree = "<group>";
		};
		59FE62D718CFFE8B00534539 /* barIcon */ = {
			isa = PBXGroup;
			children = (
				59A41F0418D039F200EA8B4C /* barIcon_Cam@2x.png */,
				59A41F0618D039F200EA8B4C /* barIcon_CamHiLight@2x.png */,
				59A41F0818D039F200EA8B4C /* barIcon_Home@2x.png */,
				59A41F0A18D039F200EA8B4C /* barIcon_HomeHiLight@2x.png */,
				59A41F0C18D039F200EA8B4C /* barIcon_Recommend@2x.png */,
				59A41F0E18D039F200EA8B4C /* barIcon_RecommendHiLight@2x.png */,
				59A41F1018D039F200EA8B4C /* barIcon_Search@2x.png */,
				59A41F1218D039F200EA8B4C /* barIcon_SearchHiLight@2x.png */,
				59A41F1418D039F200EA8B4C /* barIcon_User@2x.png */,
				59A41F1618D039F200EA8B4C /* barIcon_UserHiLight@2x.png */,
			);
			name = barIcon;
			sourceTree = "<group>";
		};
/* End PBXGroup section */

/* Begin PBXNativeTarget section */
		261BE06018BC0FDA00DEA46A /* MoreWine */ = {
			isa = PBXNativeTarget;
			buildConfigurationList = 261BE08D18BC0FDA00DEA46A /* Build configuration list for PBXNativeTarget "MoreWine" */;
			buildPhases = (
				758D9A9B4FEF4483B31D3AB7 /* Check Pods Manifest.lock */,
				261BE05D18BC0FDA00DEA46A /* Sources */,
				261BE05E18BC0FDA00DEA46A /* Frameworks */,
				261BE05F18BC0FDA00DEA46A /* Resources */,
				B7DFC3BE31434ECC86E51163 /* Copy Pods Resources */,
			);
			buildRules = (
			);
			dependencies = (
			);
			name = MoreWine;
			productName = MoreWine;
			productReference = 261BE06118BC0FDA00DEA46A /* MoreWine.app */;
			productType = "com.apple.product-type.application";
		};
		261BE07B18BC0FDA00DEA46A /* MoreWineTests */ = {
			isa = PBXNativeTarget;
			buildConfigurationList = 261BE09018BC0FDA00DEA46A /* Build configuration list for PBXNativeTarget "MoreWineTests" */;
			buildPhases = (
				261BE07818BC0FDA00DEA46A /* Sources */,
				261BE07918BC0FDA00DEA46A /* Frameworks */,
				261BE07A18BC0FDA00DEA46A /* Resources */,
			);
			buildRules = (
			);
			dependencies = (
				261BE08218BC0FDA00DEA46A /* PBXTargetDependency */,
			);
			name = MoreWineTests;
			productName = MoreWineTests;
			productReference = 261BE07C18BC0FDA00DEA46A /* MoreWineTests.xctest */;
			productType = "com.apple.product-type.bundle.unit-test";
		};
/* End PBXNativeTarget section */

/* Begin PBXProject section */
		261BE05918BC0FDA00DEA46A /* Project object */ = {
			isa = PBXProject;
			attributes = {
				LastUpgradeCheck = 0510;
				ORGANIZATIONNAME = MagicApp;
				TargetAttributes = {
					261BE06018BC0FDA00DEA46A = {
						DevelopmentTeam = XW52T8HE6G;
					};
					261BE07B18BC0FDA00DEA46A = {
						TestTargetID = 261BE06018BC0FDA00DEA46A;
					};
				};
			};
			buildConfigurationList = 261BE05C18BC0FDA00DEA46A /* Build configuration list for PBXProject "MoreWine" */;
			compatibilityVersion = "Xcode 3.2";
			developmentRegion = English;
			hasScannedForEncodings = 0;
			knownRegions = (
				en,
				"zh-Hans",
			);
			mainGroup = 261BE05818BC0FDA00DEA46A;
			productRefGroup = 261BE06218BC0FDA00DEA46A /* Products */;
			projectDirPath = "";
			projectRoot = "";
			targets = (
				261BE06018BC0FDA00DEA46A /* MoreWine */,
				261BE07B18BC0FDA00DEA46A /* MoreWineTests */,
			);
		};
/* End PBXProject section */

/* Begin PBXResourcesBuildPhase section */
		261BE05F18BC0FDA00DEA46A /* Resources */ = {
			isa = PBXResourcesBuildPhase;
			buildActionMask = 2147483647;
			files = (
				59A41F2618D039F200EA8B4C /* barIcon_SearchHiLight@2x.png in Resources */,
				59751E9418F7B38B00727D52 /* loginView_default_user_icon@2x.png in Resources */,
				5905D70E18D1A5FF00FBA71F /* barType_coffee@2x.png in Resources */,
				59A41F2218D039F200EA8B4C /* barIcon_RecommendHiLight@2x.png in Resources */,
				59A41F2A18D039F200EA8B4C /* barIcon_UserHiLight@2x.png in Resources */,
				59A41F2418D039F200EA8B4C /* barIcon_Search@2x.png in Resources */,
				261BE06F18BC0FDA00DEA46A /* InfoPlist.strings in Resources */,
				59DBE679190B8D5000BD756E /* cam_closeButton@2x.png in Resources */,
				59A1090818E2B6C200CF59DD /* loginView_weibo_hilight@2x.png in Resources */,
				596AA7D818F39C77008DBDE2 /* shakeView_shakeButton_hilight@2x.png in Resources */,
				5925737118E51DC200CE3AC9 /* loginView_logo_icon@2x.png in Resources */,
				596AA7EA18F3E776008DBDE2 /* navigation_Back_Icon@2x.png in Resources */,
				596AA7D918F39C77008DBDE2 /* shakeView_shakeButton@2x.png in Resources */,
				596AA7D518F38F6D008DBDE2 /* shakeMenuArrow@2x.png in Resources */,
				59A41F3718D03D5E00EA8B4C /* backgroundImage_586h@2x.png in Resources */,
				59A1090718E2B6C200CF59DD /* loginView_wechat@2x.png in Resources */,
				5905D71218D1A5FF00FBA71F /* barType_music@2x.png in Resources */,
				59A41F2018D039F200EA8B4C /* barIcon_Recommend@2x.png in Resources */,
				59A1090918E2B6C200CF59DD /* loginView_weibo@2x.png in Resources */,
				5905D70218D166F000FBA71F /* 3headerImage@2x.png in Resources */,
				59A41F1C18D039F200EA8B4C /* barIcon_Home@2x.png in Resources */,
				59A41F1818D039F200EA8B4C /* barIcon_Cam@2x.png in Resources */,
				59A41F3118D03A2A00EA8B4C /* backgroundImage@2x.png in Resources */,
				59A41F1A18D039F200EA8B4C /* barIcon_CamHiLight@2x.png in Resources */,
				59DBE67A190B8D5000BD756E /* cam_center@2x.png in Resources */,
				59A1090618E2B6C200CF59DD /* loginView_wechat_hilight@2x.png in Resources */,
				59A1090518E2B6C200CF59DD /* loginView_qq@2x.png in Resources */,
				5905D71018D1A5FF00FBA71F /* barType_headphones@2x.png in Resources */,
				59DBE67B190B8D5000BD756E /* cam_captureButton@2x.png in Resources */,
				59FE62AC18CFFC5E00534539 /* Localizable.strings in Resources */,
				59A41F1E18D039F200EA8B4C /* barIcon_HomeHiLight@2x.png in Resources */,
				59A1090418E2B6C200CF59DD /* loginView_qq_hilight@2x.png in Resources */,
				261BE07718BC0FDA00DEA46A /* Images.xcassets in Resources */,
				5905D70618D167B800FBA71F /* 0headerImage@2x.png in Resources */,
				5905D6FE18D166F000FBA71F /* 1headerImage@2x.png in Resources */,
				5905D70018D166F000FBA71F /* 2headerImage@2x.png in Resources */,
				59A1090318E2B6C200CF59DD /* loginView_logo@2x.png in Resources */,
				59A41F2818D039F200EA8B4C /* barIcon_User@2x.png in Resources */,
				596AA7DB18F3A705008DBDE2 /* shakeView_Cell_Selected@2x.png in Resources */,
			);
			runOnlyForDeploymentPostprocessing = 0;
		};
		261BE07A18BC0FDA00DEA46A /* Resources */ = {
			isa = PBXResourcesBuildPhase;
			buildActionMask = 2147483647;
			files = (
				261BE08818BC0FDA00DEA46A /* InfoPlist.strings in Resources */,
			);
			runOnlyForDeploymentPostprocessing = 0;
		};
/* End PBXResourcesBuildPhase section */

/* Begin PBXShellScriptBuildPhase section */
		758D9A9B4FEF4483B31D3AB7 /* Check Pods Manifest.lock */ = {
			isa = PBXShellScriptBuildPhase;
			buildActionMask = 2147483647;
			files = (
			);
			inputPaths = (
			);
			name = "Check Pods Manifest.lock";
			outputPaths = (
			);
			runOnlyForDeploymentPostprocessing = 0;
			shellPath = /bin/sh;
			shellScript = "diff \"${PODS_ROOT}/../Podfile.lock\" \"${PODS_ROOT}/Manifest.lock\" > /dev/null\nif [[ $? != 0 ]] ; then\n    cat << EOM\nerror: The sandbox is not in sync with the Podfile.lock. Run 'pod install' or update your CocoaPods installation.\nEOM\n    exit 1\nfi\n";
			showEnvVarsInLog = 0;
		};
		B7DFC3BE31434ECC86E51163 /* Copy Pods Resources */ = {
			isa = PBXShellScriptBuildPhase;
			buildActionMask = 2147483647;
			files = (
			);
			inputPaths = (
			);
			name = "Copy Pods Resources";
			outputPaths = (
			);
			runOnlyForDeploymentPostprocessing = 0;
			shellPath = /bin/sh;
			shellScript = "\"${SRCROOT}/Pods/Pods-resources.sh\"\n";
			showEnvVarsInLog = 0;
		};
/* End PBXShellScriptBuildPhase section */

/* Begin PBXSourcesBuildPhase section */
		261BE05D18BC0FDA00DEA46A /* Sources */ = {
			isa = PBXSourcesBuildPhase;
			buildActionMask = 2147483647;
			files = (
				59751E9A18F7BEF300727D52 /* FavoriteViewController.m in Sources */,
				5910371518E2C8BD0084BC29 /* SignUpView.m in Sources */,
				59192CF318E543AD0030810F /* ShakeViewController.m in Sources */,
				5925737418E522BD00CE3AC9 /* SignInView.m in Sources */,
				594F06C018BC9DD700338657 /* ListViewController.m in Sources */,
				261BE07518BC0FDA00DEA46A /* AppDelegate.m in Sources */,
				5982208618C10A800001C564 /* EzInfoCell.m in Sources */,
				591ED1A818E1172700A9669F /* ShopDetailViewController.m in Sources */,
				59CC1BAB18F66D2A0052A030 /* UserInfoView.m in Sources */,
				596AA7DE18F3C2C7008DBDE2 /* ShakeResultViewController.m in Sources */,
				595EB1F418D7E85500223E20 /* SGFocusImageFrame.m in Sources */,
				59374B2A190F4A0A00B97011 /* TagManagerViewController.m in Sources */,
				5947DE1718FCD67900E23AB8 /* SearchViewController.m in Sources */,
				5920A5B718F4E63400685819 /* FXBlurView.m in Sources */,
				5937115E18E17CB300476E2D /* MaTagButton.m in Sources */,
				59374B2D190F964F00B97011 /* TagListViewController.m in Sources */,
				5932FBD018CEC058006C62D4 /* StartViewController.m in Sources */,
				5948BC3D19090493003C87AA /* MaMoreWineHTTPClient.m in Sources */,
				595EB1F518D7E85500223E20 /* SGFocusImageItem.m in Sources */,
				59A108E718E2705700CF59DD /* LoginViewController.m in Sources */,
				59A108F318E2729800CF59DD /* UserInfoManager.m in Sources */,
				594F06BD18BC9DB900338657 /* InfoCell.m in Sources */,
				596AA7E118F3E2AF008DBDE2 /* CheckInAndShareViewController.m in Sources */,
				594F06C318BF464100338657 /* MaNavigationBar.m in Sources */,
				59A41F3518D03ABC00EA8B4C /* MaUtility.m in Sources */,
				59751E9718F7BED500727D52 /* CheckInDetailViewController.m in Sources */,
				59A108FB18E27F6600CF59DD /* MaTextField.m in Sources */,
				595EB20118D7EC8200223E20 /* MaDataSettingManager.m in Sources */,
				59F7D1CE18ED5F9C008430FD /* MaDropDownMenuController.m in Sources */,
				5982208918C126D10001C564 /* StyleIndicatorView.m in Sources */,
				594F06BA18BC9D8800338657 /* MainViewController.m in Sources */,
				590F17CB190125E000469DFA /* CamViewController.m in Sources */,
				261BE07118BC0FDA00DEA46A /* main.m in Sources */,
			);
			runOnlyForDeploymentPostprocessing = 0;
		};
		261BE07818BC0FDA00DEA46A /* Sources */ = {
			isa = PBXSourcesBuildPhase;
			buildActionMask = 2147483647;
			files = (
				261BE08A18BC0FDA00DEA46A /* MoreWineTests.m in Sources */,
			);
			runOnlyForDeploymentPostprocessing = 0;
		};
/* End PBXSourcesBuildPhase section */

/* Begin PBXTargetDependency section */
		261BE08218BC0FDA00DEA46A /* PBXTargetDependency */ = {
			isa = PBXTargetDependency;
			target = 261BE06018BC0FDA00DEA46A /* MoreWine */;
			targetProxy = 261BE08118BC0FDA00DEA46A /* PBXContainerItemProxy */;
		};
/* End PBXTargetDependency section */

/* Begin PBXVariantGroup section */
		261BE06D18BC0FDA00DEA46A /* InfoPlist.strings */ = {
			isa = PBXVariantGroup;
			children = (
				261BE06E18BC0FDA00DEA46A /* en */,
				59A41EF718D0218700EA8B4C /* zh-Hans */,
			);
			name = InfoPlist.strings;
			sourceTree = "<group>";
		};
		261BE08618BC0FDA00DEA46A /* InfoPlist.strings */ = {
			isa = PBXVariantGroup;
			children = (
				261BE08718BC0FDA00DEA46A /* en */,
				59A41EF818D0218700EA8B4C /* zh-Hans */,
			);
			name = InfoPlist.strings;
			sourceTree = "<group>";
		};
		59FE62AE18CFFC5E00534539 /* Localizable.strings */ = {
			isa = PBXVariantGroup;
			children = (
				59FE62AD18CFFC5E00534539 /* en */,
				59A41EF618D0218700EA8B4C /* zh-Hans */,
			);
			name = Localizable.strings;
			path = MoreWine/localizationString;
			sourceTree = "<group>";
		};
/* End PBXVariantGroup section */

/* Begin XCBuildConfiguration section */
		261BE08B18BC0FDA00DEA46A /* Debug */ = {
			isa = XCBuildConfiguration;
			buildSettings = {
				ALWAYS_SEARCH_USER_PATHS = NO;
				CLANG_CXX_LANGUAGE_STANDARD = "gnu++0x";
				CLANG_CXX_LIBRARY = "libc++";
				CLANG_ENABLE_MODULES = YES;
				CLANG_ENABLE_OBJC_ARC = YES;
				CLANG_WARN_BOOL_CONVERSION = YES;
				CLANG_WARN_CONSTANT_CONVERSION = YES;
				CLANG_WARN_DIRECT_OBJC_ISA_USAGE = YES_ERROR;
				CLANG_WARN_EMPTY_BODY = YES;
				CLANG_WARN_ENUM_CONVERSION = YES;
				CLANG_WARN_INT_CONVERSION = YES;
				CLANG_WARN_OBJC_ROOT_CLASS = YES_ERROR;
				CLANG_WARN__DUPLICATE_METHOD_MATCH = YES;
				"CODE_SIGN_IDENTITY[sdk=iphoneos*]" = "iPhone Developer";
				COPY_PHASE_STRIP = NO;
				GCC_C_LANGUAGE_STANDARD = gnu99;
				GCC_DYNAMIC_NO_PIC = NO;
				GCC_OPTIMIZATION_LEVEL = 0;
				GCC_PREPROCESSOR_DEFINITIONS = (
					"DEBUG=1",
					"$(inherited)",
				);
				GCC_SYMBOLS_PRIVATE_EXTERN = NO;
				GCC_WARN_64_TO_32_BIT_CONVERSION = YES;
				GCC_WARN_ABOUT_RETURN_TYPE = YES_ERROR;
				GCC_WARN_UNDECLARED_SELECTOR = YES;
				GCC_WARN_UNINITIALIZED_AUTOS = YES;
				GCC_WARN_UNUSED_FUNCTION = YES;
				GCC_WARN_UNUSED_VARIABLE = YES;
				IPHONEOS_DEPLOYMENT_TARGET = 7.0;
				ONLY_ACTIVE_ARCH = YES;
				SDKROOT = iphoneos;
			};
			name = Debug;
		};
		261BE08C18BC0FDA00DEA46A /* Release */ = {
			isa = XCBuildConfiguration;
			buildSettings = {
				ALWAYS_SEARCH_USER_PATHS = NO;
				CLANG_CXX_LANGUAGE_STANDARD = "gnu++0x";
				CLANG_CXX_LIBRARY = "libc++";
				CLANG_ENABLE_MODULES = YES;
				CLANG_ENABLE_OBJC_ARC = YES;
				CLANG_WARN_BOOL_CONVERSION = YES;
				CLANG_WARN_CONSTANT_CONVERSION = YES;
				CLANG_WARN_DIRECT_OBJC_ISA_USAGE = YES_ERROR;
				CLANG_WARN_EMPTY_BODY = YES;
				CLANG_WARN_ENUM_CONVERSION = YES;
				CLANG_WARN_INT_CONVERSION = YES;
				CLANG_WARN_OBJC_ROOT_CLASS = YES_ERROR;
				CLANG_WARN__DUPLICATE_METHOD_MATCH = YES;
				"CODE_SIGN_IDENTITY[sdk=iphoneos*]" = "iPhone Developer";
				COPY_PHASE_STRIP = YES;
				ENABLE_NS_ASSERTIONS = NO;
				GCC_C_LANGUAGE_STANDARD = gnu99;
				GCC_WARN_64_TO_32_BIT_CONVERSION = YES;
				GCC_WARN_ABOUT_RETURN_TYPE = YES_ERROR;
				GCC_WARN_UNDECLARED_SELECTOR = YES;
				GCC_WARN_UNINITIALIZED_AUTOS = YES;
				GCC_WARN_UNUSED_FUNCTION = YES;
				GCC_WARN_UNUSED_VARIABLE = YES;
				IPHONEOS_DEPLOYMENT_TARGET = 7.0;
				SDKROOT = iphoneos;
				VALIDATE_PRODUCT = YES;
			};
			name = Release;
		};
		261BE08E18BC0FDA00DEA46A /* Debug */ = {
			isa = XCBuildConfiguration;
			baseConfigurationReference = 18A0B8874B404042B8CA82FA /* Pods.xcconfig */;
			buildSettings = {
				ASSETCATALOG_COMPILER_APPICON_NAME = AppIcon;
				ASSETCATALOG_COMPILER_LAUNCHIMAGE_NAME = LaunchImage;
				CODE_SIGN_IDENTITY = "iPhone Developer";
				"CODE_SIGN_IDENTITY[sdk=iphoneos*]" = "iPhone Developer";
				GCC_PRECOMPILE_PREFIX_HEADER = YES;
				GCC_PREFIX_HEADER = "MoreWine/MoreWine-Prefix.pch";
				INFOPLIST_FILE = "MoreWine/MoreWine-Info.plist";
				IPHONEOS_DEPLOYMENT_TARGET = 7.0;
				PRODUCT_NAME = "$(TARGET_NAME)";
				PROVISIONING_PROFILE = "";
				TARGETED_DEVICE_FAMILY = 1;
				WRAPPER_EXTENSION = app;
			};
			name = Debug;
		};
		261BE08F18BC0FDA00DEA46A /* Release */ = {
			isa = XCBuildConfiguration;
			baseConfigurationReference = 18A0B8874B404042B8CA82FA /* Pods.xcconfig */;
			buildSettings = {
				ASSETCATALOG_COMPILER_APPICON_NAME = AppIcon;
				ASSETCATALOG_COMPILER_LAUNCHIMAGE_NAME = LaunchImage;
				CODE_SIGN_IDENTITY = "iPhone Developer";
				"CODE_SIGN_IDENTITY[sdk=iphoneos*]" = "iPhone Developer";
				GCC_PRECOMPILE_PREFIX_HEADER = YES;
				GCC_PREFIX_HEADER = "MoreWine/MoreWine-Prefix.pch";
				INFOPLIST_FILE = "MoreWine/MoreWine-Info.plist";
				IPHONEOS_DEPLOYMENT_TARGET = 7.0;
				PRODUCT_NAME = "$(TARGET_NAME)";
				PROVISIONING_PROFILE = "";
				TARGETED_DEVICE_FAMILY = 1;
				WRAPPER_EXTENSION = app;
			};
			name = Release;
		};
		261BE09118BC0FDA00DEA46A /* Debug */ = {
			isa = XCBuildConfiguration;
			buildSettings = {
				BUNDLE_LOADER = "$(BUILT_PRODUCTS_DIR)/MoreWine.app/MoreWine";
				FRAMEWORK_SEARCH_PATHS = (
					"$(SDKROOT)/Developer/Library/Frameworks",
					"$(inherited)",
					"$(DEVELOPER_FRAMEWORKS_DIR)",
				);
				GCC_PRECOMPILE_PREFIX_HEADER = YES;
				GCC_PREFIX_HEADER = "MoreWine/MoreWine-Prefix.pch";
				GCC_PREPROCESSOR_DEFINITIONS = (
					"DEBUG=1",
					"$(inherited)",
				);
				INFOPLIST_FILE = "MoreWineTests/MoreWineTests-Info.plist";
				PRODUCT_NAME = "$(TARGET_NAME)";
				TEST_HOST = "$(BUNDLE_LOADER)";
				WRAPPER_EXTENSION = xctest;
			};
			name = Debug;
		};
		261BE09218BC0FDA00DEA46A /* Release */ = {
			isa = XCBuildConfiguration;
			buildSettings = {
				BUNDLE_LOADER = "$(BUILT_PRODUCTS_DIR)/MoreWine.app/MoreWine";
				FRAMEWORK_SEARCH_PATHS = (
					"$(SDKROOT)/Developer/Library/Frameworks",
					"$(inherited)",
					"$(DEVELOPER_FRAMEWORKS_DIR)",
				);
				GCC_PRECOMPILE_PREFIX_HEADER = YES;
				GCC_PREFIX_HEADER = "MoreWine/MoreWine-Prefix.pch";
				INFOPLIST_FILE = "MoreWineTests/MoreWineTests-Info.plist";
				PRODUCT_NAME = "$(TARGET_NAME)";
				TEST_HOST = "$(BUNDLE_LOADER)";
				WRAPPER_EXTENSION = xctest;
			};
			name = Release;
		};
/* End XCBuildConfiguration section */

/* Begin XCConfigurationList section */
		261BE05C18BC0FDA00DEA46A /* Build configuration list for PBXProject "MoreWine" */ = {
			isa = XCConfigurationList;
			buildConfigurations = (
				261BE08B18BC0FDA00DEA46A /* Debug */,
				261BE08C18BC0FDA00DEA46A /* Release */,
			);
			defaultConfigurationIsVisible = 0;
			defaultConfigurationName = Release;
		};
		261BE08D18BC0FDA00DEA46A /* Build configuration list for PBXNativeTarget "MoreWine" */ = {
			isa = XCConfigurationList;
			buildConfigurations = (
				261BE08E18BC0FDA00DEA46A /* Debug */,
				261BE08F18BC0FDA00DEA46A /* Release */,
			);
			defaultConfigurationIsVisible = 0;
			defaultConfigurationName = Release;
		};
		261BE09018BC0FDA00DEA46A /* Build configuration list for PBXNativeTarget "MoreWineTests" */ = {
			isa = XCConfigurationList;
			buildConfigurations = (
				261BE09118BC0FDA00DEA46A /* Debug */,
				261BE09218BC0FDA00DEA46A /* Release */,
			);
			defaultConfigurationIsVisible = 0;
			defaultConfigurationName = Release;
		};
/* End XCConfigurationList section */
	};
	rootObject = 261BE05918BC0FDA00DEA46A /* Project object */;
}
